// !$*UTF8*$!
{
	archiveVersion = 1;
	classes = {
	};
	objectVersion = 56;
	objects = {

/* Begin PBXBuildFile section */
		56006B402B7E5CF700336104 /* DateCell.swift in Sources */ = {isa = PBXBuildFile; fileRef = 56006B3F2B7E5CF700336104 /* DateCell.swift */; };
		560E12172B79390D00FE0C75 /* PopoverVC.swift in Sources */ = {isa = PBXBuildFile; fileRef = 560E12162B79390D00FE0C75 /* PopoverVC.swift */; };
		560E12192B79397600FE0C75 /* PopoverCell.swift in Sources */ = {isa = PBXBuildFile; fileRef = 560E12182B79397600FE0C75 /* PopoverCell.swift */; };
		560E121B2B7942EA00FE0C75 /* PopoverRow.swift in Sources */ = {isa = PBXBuildFile; fileRef = 560E121A2B7942EA00FE0C75 /* PopoverRow.swift */; };
		560F244E2B03DB8700226BAD /* RegisterPresenter.swift in Sources */ = {isa = PBXBuildFile; fileRef = 560F244D2B03DB8700226BAD /* RegisterPresenter.swift */; };
		560F24502B03E0B500226BAD /* RegisterAssembler.swift in Sources */ = {isa = PBXBuildFile; fileRef = 560F244F2B03E0B500226BAD /* RegisterAssembler.swift */; };
		560F24532B03E52C00226BAD /* KeyboardHelper.swift in Sources */ = {isa = PBXBuildFile; fileRef = 560F24522B03E52C00226BAD /* KeyboardHelper.swift */; };
		560F24572B04B16B00226BAD /* AnimatorService.swift in Sources */ = {isa = PBXBuildFile; fileRef = 560F24562B04B16B00226BAD /* AnimatorService.swift */; };
		560F245A2B04E44E00226BAD /* AuthService+Register.swift in Sources */ = {isa = PBXBuildFile; fileRef = 560F24592B04E44E00226BAD /* AuthService+Register.swift */; };
		560F245C2B04F74200226BAD /* InputValidator+Register.swift in Sources */ = {isa = PBXBuildFile; fileRef = 560F245B2B04F74200226BAD /* InputValidator+Register.swift */; };
		560F245E2B052E6F00226BAD /* ResetPasswordVM.swift in Sources */ = {isa = PBXBuildFile; fileRef = 560F245D2B052E6F00226BAD /* ResetPasswordVM.swift */; };
		560F24602B052F4400226BAD /* ResetPasswordAssambler.swift in Sources */ = {isa = PBXBuildFile; fileRef = 560F245F2B052F4400226BAD /* ResetPasswordAssambler.swift */; };
		560F24632B05319200226BAD /* AuthService+ResetPassword.swift in Sources */ = {isa = PBXBuildFile; fileRef = 560F24622B05319200226BAD /* AuthService+ResetPassword.swift */; };
		560F24652B05351600226BAD /* InputValidator+ResetPassword.swift in Sources */ = {isa = PBXBuildFile; fileRef = 560F24642B05351600226BAD /* InputValidator+ResetPassword.swift */; };
		560F246B2B0539FF00226BAD /* AuthService+Login.swift in Sources */ = {isa = PBXBuildFile; fileRef = 560F246A2B0539FF00226BAD /* AuthService+Login.swift */; };
		560F246D2B05ED0900226BAD /* KeyboardHelper+Register.swift in Sources */ = {isa = PBXBuildFile; fileRef = 560F246C2B05ED0900226BAD /* KeyboardHelper+Register.swift */; };
		560F246F2B05EEC800226BAD /* KeyboardHelper+ResetPassword.swift in Sources */ = {isa = PBXBuildFile; fileRef = 560F246E2B05EEC800226BAD /* KeyboardHelper+ResetPassword.swift */; };
		560F24712B05F4E300226BAD /* KeyboardHelper+Login.swift in Sources */ = {isa = PBXBuildFile; fileRef = 560F24702B05F4E300226BAD /* KeyboardHelper+Login.swift */; };
		5615B69C2AEF922D007CA590 /* AppDatePickerView.swift in Sources */ = {isa = PBXBuildFile; fileRef = 5615B69B2AEF922D007CA590 /* AppDatePickerView.swift */; };
		56197ECB2B73E35000414DD4 /* DTODescription.swift in Sources */ = {isa = PBXBuildFile; fileRef = 56197ECA2B73E35000414DD4 /* DTODescription.swift */; };
		56197ECD2B73E41200414DD4 /* NotificationStorage.swift in Sources */ = {isa = PBXBuildFile; fileRef = 56197ECC2B73E41200414DD4 /* NotificationStorage.swift */; };
		56197ED02B73F5FA00414DD4 /* FRCService.swift in Sources */ = {isa = PBXBuildFile; fileRef = 56197ECF2B73F5FA00414DD4 /* FRCService.swift */; };
		562A72352B75091000755314 /* MainTabBarVM.swift in Sources */ = {isa = PBXBuildFile; fileRef = 562A72342B75091000755314 /* MainTabBarVM.swift */; };
		562A72372B750E2F00755314 /* Localozation+MainTabBar.swift in Sources */ = {isa = PBXBuildFile; fileRef = 562A72362B750E2F00755314 /* Localozation+MainTabBar.swift */; };
		562E67002B6BD34100F90EC0 /* TimerNotificationMO+CoreDataClass.swift in Sources */ = {isa = PBXBuildFile; fileRef = 562E66FC2B6BD34100F90EC0 /* TimerNotificationMO+CoreDataClass.swift */; };
		562E67012B6BD34100F90EC0 /* TimerNotificationMO+CoreDataProperties.swift in Sources */ = {isa = PBXBuildFile; fileRef = 562E66FD2B6BD34100F90EC0 /* TimerNotificationMO+CoreDataProperties.swift */; };
		562E67022B6BD34100F90EC0 /* LocationNotificationMO+CoreDataClass.swift in Sources */ = {isa = PBXBuildFile; fileRef = 562E66FE2B6BD34100F90EC0 /* LocationNotificationMO+CoreDataClass.swift */; };
		562E67032B6BD34100F90EC0 /* LocationNotificationMO+CoreDataProperties.swift in Sources */ = {isa = PBXBuildFile; fileRef = 562E66FF2B6BD34100F90EC0 /* LocationNotificationMO+CoreDataProperties.swift */; };
		562E67052B6BD3FD00F90EC0 /* TimerNotificationDTO.swift in Sources */ = {isa = PBXBuildFile; fileRef = 562E67042B6BD3FD00F90EC0 /* TimerNotificationDTO.swift */; };
		562E67072B6BD40800F90EC0 /* LocationNotificationDTO.swift in Sources */ = {isa = PBXBuildFile; fileRef = 562E67062B6BD40800F90EC0 /* LocationNotificationDTO.swift */; };
		562E670B2B6BE18900F90EC0 /* LocationNotificationStorage.swift in Sources */ = {isa = PBXBuildFile; fileRef = 562E670A2B6BE18900F90EC0 /* LocationNotificationStorage.swift */; };
		562E670D2B6BE19200F90EC0 /* TimerNotificationStorage.swift in Sources */ = {isa = PBXBuildFile; fileRef = 562E670C2B6BE19200F90EC0 /* TimerNotificationStorage.swift */; };
		56302FCF2B36BCF60051E331 /* AlertService+Profile.swift in Sources */ = {isa = PBXBuildFile; fileRef = 56302FCE2B36BCF60051E331 /* AlertService+Profile.swift */; };
		563A582C2B20AB6C00B8AFAF /* Localization+AlertBuilder.swift in Sources */ = {isa = PBXBuildFile; fileRef = 563A582B2B20AB6C00B8AFAF /* Localization+AlertBuilder.swift */; };
		563BF71D2AFE942D00150C98 /* UIButton+Actions.swift in Sources */ = {isa = PBXBuildFile; fileRef = 563BF71C2AFE942D00150C98 /* UIButton+Actions.swift */; };
		563BF71F2AFE977C00150C98 /* LoginVM.swift in Sources */ = {isa = PBXBuildFile; fileRef = 563BF71E2AFE977C00150C98 /* LoginVM.swift */; };
		563BF7212AFE97F400150C98 /* LoginAssembler.swift in Sources */ = {isa = PBXBuildFile; fileRef = 563BF7202AFE97F400150C98 /* LoginAssembler.swift */; };
		563BF7252AFEA1B600150C98 /* InputValidator.swift in Sources */ = {isa = PBXBuildFile; fileRef = 563BF7242AFEA1B600150C98 /* InputValidator.swift */; };
		563BF7282AFEA81300150C98 /* InputValidator+Login.swift in Sources */ = {isa = PBXBuildFile; fileRef = 563BF7272AFEA81300150C98 /* InputValidator+Login.swift */; };
		5640A34A2B35C9D00052E7D0 /* AuthService+Profile.swift in Sources */ = {isa = PBXBuildFile; fileRef = 5640A3492B35C9D00052E7D0 /* AuthService+Profile.swift */; };
		56414AE52AF15EE400A79CDC /* View+Layer.swift in Sources */ = {isa = PBXBuildFile; fileRef = 56414AE42AF15EE400A79CDC /* View+Layer.swift */; };
		56414AE82AF1602B00A79CDC /* UIButton+Styles.swift in Sources */ = {isa = PBXBuildFile; fileRef = 56414AE72AF1602B00A79CDC /* UIButton+Styles.swift */; };
		56414AEB2AF16EC200A79CDC /* LineTextField.swift in Sources */ = {isa = PBXBuildFile; fileRef = 56414AEA2AF16EC200A79CDC /* LineTextField.swift */; };
		56414AF12AF29BAA00A79CDC /* UIView+Styles.swift in Sources */ = {isa = PBXBuildFile; fileRef = 56414AF02AF29BAA00A79CDC /* UIView+Styles.swift */; };
		56414AF32AF29D4900A79CDC /* UILabel+Styles.swift in Sources */ = {isa = PBXBuildFile; fileRef = 56414AF22AF29D4900A79CDC /* UILabel+Styles.swift */; };
		56414AF82AF3A47700A79CDC /* RegisterVC.swift in Sources */ = {isa = PBXBuildFile; fileRef = 56414AF72AF3A47700A79CDC /* RegisterVC.swift */; };
		56414AFA2AF3AB3100A79CDC /* UIViewController+EndEditing.swift in Sources */ = {isa = PBXBuildFile; fileRef = 56414AF92AF3AB3100A79CDC /* UIViewController+EndEditing.swift */; };
		56414AFD2AF3B05B00A79CDC /* ResetPasswordVC.swift in Sources */ = {isa = PBXBuildFile; fileRef = 56414AFC2AF3B05B00A79CDC /* ResetPasswordVC.swift */; };
		564BBF5D2B762F0500B53A66 /* DateNotificationVC.swift in Sources */ = {isa = PBXBuildFile; fileRef = 564BBF5C2B762F0500B53A66 /* DateNotificationVC.swift */; };
		564BBF5F2B762F1300B53A66 /* DateNotificationVM.swift in Sources */ = {isa = PBXBuildFile; fileRef = 564BBF5E2B762F1300B53A66 /* DateNotificationVM.swift */; };
		564BBF622B76304600B53A66 /* DateNotificationCoordinator.swift in Sources */ = {isa = PBXBuildFile; fileRef = 564BBF612B76304600B53A66 /* DateNotificationCoordinator.swift */; };
		564BBF642B7630D200B53A66 /* DateNotificationAssembler.swift in Sources */ = {isa = PBXBuildFile; fileRef = 564BBF632B7630D200B53A66 /* DateNotificationAssembler.swift */; };
		564BBF662B76337D00B53A66 /* LocationNotificationVC.swift in Sources */ = {isa = PBXBuildFile; fileRef = 564BBF652B76337D00B53A66 /* LocationNotificationVC.swift */; };
		564BBF682B76338A00B53A66 /* LocationNotificationVM.swift in Sources */ = {isa = PBXBuildFile; fileRef = 564BBF672B76338A00B53A66 /* LocationNotificationVM.swift */; };
		564BBF6B2B7633A600B53A66 /* LocationNotificationAssembler.swift in Sources */ = {isa = PBXBuildFile; fileRef = 564BBF6A2B7633A600B53A66 /* LocationNotificationAssembler.swift */; };
		564BBF6D2B7633B000B53A66 /* LocationNotificationCoordinator.swift in Sources */ = {isa = PBXBuildFile; fileRef = 564BBF6C2B7633B000B53A66 /* LocationNotificationCoordinator.swift */; };
		564BBF6F2B7636E600B53A66 /* TimerNotificationVC.swift in Sources */ = {isa = PBXBuildFile; fileRef = 564BBF6E2B7636E600B53A66 /* TimerNotificationVC.swift */; };
		564BBF712B76378000B53A66 /* TimerNotificationVM.swift in Sources */ = {isa = PBXBuildFile; fileRef = 564BBF702B76378000B53A66 /* TimerNotificationVM.swift */; };
		564BBF742B76385300B53A66 /* TimerNotificationCoordinator.swift in Sources */ = {isa = PBXBuildFile; fileRef = 564BBF732B76385300B53A66 /* TimerNotificationCoordinator.swift */; };
		564BBF762B76386300B53A66 /* TimerNotificationAssembler.swift in Sources */ = {isa = PBXBuildFile; fileRef = 564BBF752B76386300B53A66 /* TimerNotificationAssembler.swift */; };
		564BBF782B765CC700B53A66 /* Localozation+DateNotification.swift in Sources */ = {isa = PBXBuildFile; fileRef = 564BBF772B765CC700B53A66 /* Localozation+DateNotification.swift */; };
		565DB0D72AFCC6C300625F7C /* Localization+Auth.swift in Sources */ = {isa = PBXBuildFile; fileRef = 565DB0D62AFCC6C300625F7C /* Localization+Auth.swift */; };
		565E7E3E2B0D124600590556 /* AppCoordinator.swift in Sources */ = {isa = PBXBuildFile; fileRef = 565E7E3D2B0D124600590556 /* AppCoordinator.swift */; };
		565E7E412B0D129C00590556 /* Coordinator.swift in Sources */ = {isa = PBXBuildFile; fileRef = 565E7E402B0D129C00590556 /* Coordinator.swift */; };
		565E7E442B0D1B6E00590556 /* LoginCoordinator.swift in Sources */ = {isa = PBXBuildFile; fileRef = 565E7E432B0D1B6E00590556 /* LoginCoordinator.swift */; };
		565E7E472B0D24C000590556 /* RegisterCoordinator.swift in Sources */ = {isa = PBXBuildFile; fileRef = 565E7E462B0D24C000590556 /* RegisterCoordinator.swift */; };
		565E7E492B0F665F00590556 /* AnimatorService+Login.swift in Sources */ = {isa = PBXBuildFile; fileRef = 565E7E482B0F665F00590556 /* AnimatorService+Login.swift */; };
		565E7E4B2B0F69D100590556 /* Animator+Register.swift in Sources */ = {isa = PBXBuildFile; fileRef = 565E7E4A2B0F69D100590556 /* Animator+Register.swift */; };
		565E7E4D2B0F6A7B00590556 /* Animator+ResetPassword.swift in Sources */ = {isa = PBXBuildFile; fileRef = 565E7E4C2B0F6A7B00590556 /* Animator+ResetPassword.swift */; };
		566730DA2B1F846A0085D83F /* GoogleService-Info.plist in Resources */ = {isa = PBXBuildFile; fileRef = 566730D92B1F846A0085D83F /* GoogleService-Info.plist */; };
		566730DD2B1F87F80085D83F /* FirebaseAnalytics in Frameworks */ = {isa = PBXBuildFile; productRef = 566730DC2B1F87F80085D83F /* FirebaseAnalytics */; };
		566730DF2B1F87F80085D83F /* FirebaseAuth in Frameworks */ = {isa = PBXBuildFile; productRef = 566730DE2B1F87F80085D83F /* FirebaseAuth */; };
		566730E12B1F87F80085D83F /* FirebaseCrashlytics in Frameworks */ = {isa = PBXBuildFile; productRef = 566730E02B1F87F80085D83F /* FirebaseCrashlytics */; };
		566730E42B1F95DD0085D83F /* AuthService.swift in Sources */ = {isa = PBXBuildFile; fileRef = 566730E32B1F95DD0085D83F /* AuthService.swift */; };
		5673B3B12B56E0CA004ABFDA /* Container.swift in Sources */ = {isa = PBXBuildFile; fileRef = 5673B3B02B56E0CA004ABFDA /* Container.swift */; };
		5673B3B32B56E544004ABFDA /* ContainerRegistrator.swift in Sources */ = {isa = PBXBuildFile; fileRef = 5673B3B22B56E544004ABFDA /* ContainerRegistrator.swift */; };
		5673B3B62B56EFF8004ABFDA /* WindowManager.swift in Sources */ = {isa = PBXBuildFile; fileRef = 5673B3B52B56EFF8004ABFDA /* WindowManager.swift */; };
		56741D552B3413AD005C43A8 /* ProfileTableViewHeader.swift in Sources */ = {isa = PBXBuildFile; fileRef = 56741D542B3413AD005C43A8 /* ProfileTableViewHeader.swift */; };
		56741D572B342878005C43A8 /* ProfileAccountCell.swift in Sources */ = {isa = PBXBuildFile; fileRef = 56741D562B342878005C43A8 /* ProfileAccountCell.swift */; };
		56741D5A2B3447F2005C43A8 /* ProfileSettingsCell.swift in Sources */ = {isa = PBXBuildFile; fileRef = 56741D592B3447F2005C43A8 /* ProfileSettingsCell.swift */; };
		568AE0B82B109377002C83E0 /* ResetPasswordCoordinator.swift in Sources */ = {isa = PBXBuildFile; fileRef = 568AE0B72B109377002C83E0 /* ResetPasswordCoordinator.swift */; };
		56BFC9782B69563E00B47FE2 /* Collection+Register.swift in Sources */ = {isa = PBXBuildFile; fileRef = 56BFC9772B69563E00B47FE2 /* Collection+Register.swift */; };
		56BFC9812B695AC400B47FE2 /* Storage.h in Headers */ = {isa = PBXBuildFile; fileRef = 56BFC9802B695AC400B47FE2 /* Storage.h */; settings = {ATTRIBUTES = (Public, ); }; };
		56BFC9842B695AC400B47FE2 /* Storage.framework in Frameworks */ = {isa = PBXBuildFile; fileRef = 56BFC97E2B695AC400B47FE2 /* Storage.framework */; };
		56BFC9852B695AC400B47FE2 /* Storage.framework in Embed Frameworks */ = {isa = PBXBuildFile; fileRef = 56BFC97E2B695AC400B47FE2 /* Storage.framework */; settings = {ATTRIBUTES = (CodeSignOnCopy, RemoveHeadersOnCopy, ); }; };
		56BFC98F2B695C7F00B47FE2 /* NotificationDataBase.xcdatamodeld in Sources */ = {isa = PBXBuildFile; fileRef = 56BFC98D2B695C7F00B47FE2 /* NotificationDataBase.xcdatamodeld */; };
		56BFC9962B695F0200B47FE2 /* DateNotificationMO+CoreDataClass.swift in Sources */ = {isa = PBXBuildFile; fileRef = 56BFC9922B695F0200B47FE2 /* DateNotificationMO+CoreDataClass.swift */; };
		56BFC9972B695F0200B47FE2 /* DateNotificationMO+CoreDataProperties.swift in Sources */ = {isa = PBXBuildFile; fileRef = 56BFC9932B695F0200B47FE2 /* DateNotificationMO+CoreDataProperties.swift */; };
		56BFC9982B695F0200B47FE2 /* BaseNotificationMO+CoreDataClass.swift in Sources */ = {isa = PBXBuildFile; fileRef = 56BFC9942B695F0200B47FE2 /* BaseNotificationMO+CoreDataClass.swift */; };
		56BFC9992B695F0200B47FE2 /* BaseNotificationMO+CoreDataProperties.swift in Sources */ = {isa = PBXBuildFile; fileRef = 56BFC9952B695F0200B47FE2 /* BaseNotificationMO+CoreDataProperties.swift */; };
		56BFC99C2B69645100B47FE2 /* DateNotificationDTO.swift in Sources */ = {isa = PBXBuildFile; fileRef = 56BFC99B2B69645100B47FE2 /* DateNotificationDTO.swift */; };
		56BFC99F2B69675B00B47FE2 /* CoreDataService.swift in Sources */ = {isa = PBXBuildFile; fileRef = 56BFC99E2B69675B00B47FE2 /* CoreDataService.swift */; };
		56BFC9A22B6968B100B47FE2 /* DateNotificationStorage.swift in Sources */ = {isa = PBXBuildFile; fileRef = 56BFC9A12B6968B100B47FE2 /* DateNotificationStorage.swift */; };
		56BFC9A52B696E0A00B47FE2 /* NSPredicate+Const.swift in Sources */ = {isa = PBXBuildFile; fileRef = 56BFC9A42B696E0A00B47FE2 /* NSPredicate+Const.swift */; };
		56C3CAF02B7D46D1003841AE /* HomeAdapter.swift in Sources */ = {isa = PBXBuildFile; fileRef = 56C3CAEF2B7D46D1003841AE /* HomeAdapter.swift */; };
		56CD845E2B2631FB00DBBA2B /* AttributedString+parse.swift in Sources */ = {isa = PBXBuildFile; fileRef = 56CD845D2B2631FB00DBBA2B /* AttributedString+parse.swift */; };
		56D11F392B601CDC0013FE32 /* ProfileSections.swift in Sources */ = {isa = PBXBuildFile; fileRef = 56D11F382B601CDC0013FE32 /* ProfileSections.swift */; };
		56D11F3D2B602CD30013FE32 /* ProfileAdapter.swift in Sources */ = {isa = PBXBuildFile; fileRef = 56D11F3C2B602CD30013FE32 /* ProfileAdapter.swift */; };
		56D733E52B164B620025283C /* ParametersHelper.swift in Sources */ = {isa = PBXBuildFile; fileRef = 56D733E42B164B620025283C /* ParametersHelper.swift */; };
		56D733EA2B16547B0025283C /* ObnoardFirstStepVC.swift in Sources */ = {isa = PBXBuildFile; fileRef = 56D733E92B16547B0025283C /* ObnoardFirstStepVC.swift */; };
		56D733EC2B1656760025283C /* OnboardFirstStepVM.swift in Sources */ = {isa = PBXBuildFile; fileRef = 56D733EB2B1656760025283C /* OnboardFirstStepVM.swift */; };
		56D733EE2B16572A0025283C /* OnboardFirstStepAssembler.swift in Sources */ = {isa = PBXBuildFile; fileRef = 56D733ED2B16572A0025283C /* OnboardFirstStepAssembler.swift */; };
		56D733F02B1657D60025283C /* OnboardFirstStepCoordinator.swift in Sources */ = {isa = PBXBuildFile; fileRef = 56D733EF2B1657D60025283C /* OnboardFirstStepCoordinator.swift */; };
		56D733F32B165AE30025283C /* OnboardSecondStepVC.swift in Sources */ = {isa = PBXBuildFile; fileRef = 56D733F22B165AE30025283C /* OnboardSecondStepVC.swift */; };
		56D733F52B165C9E0025283C /* OnboardSecondStepVM.swift in Sources */ = {isa = PBXBuildFile; fileRef = 56D733F42B165C9E0025283C /* OnboardSecondStepVM.swift */; };
		56D733F82B165D860025283C /* OnboardSecondStepAssembler.swift in Sources */ = {isa = PBXBuildFile; fileRef = 56D733F72B165D860025283C /* OnboardSecondStepAssembler.swift */; };
		56D733FA2B165E440025283C /* OnboardSecondStepCoordinator.swift in Sources */ = {isa = PBXBuildFile; fileRef = 56D733F92B165E440025283C /* OnboardSecondStepCoordinator.swift */; };
		56D733FC2B1712DF0025283C /* Localization+Onboarding.swift in Sources */ = {isa = PBXBuildFile; fileRef = 56D733FB2B1712DF0025283C /* Localization+Onboarding.swift */; };
		56D734042B1799300025283C /* MainTabBarVC.swift in Sources */ = {isa = PBXBuildFile; fileRef = 56D734032B1799300025283C /* MainTabBarVC.swift */; };
		56D7EAE52B28C1DB00F72D2D /* AlertService.swift in Sources */ = {isa = PBXBuildFile; fileRef = 56D7EAE42B28C1DB00F72D2D /* AlertService.swift */; };
		56D7EAE72B28C95200F72D2D /* AlertService+Login.swift in Sources */ = {isa = PBXBuildFile; fileRef = 56D7EAE62B28C95200F72D2D /* AlertService+Login.swift */; };
		56D7EAEA2B28D10600F72D2D /* MainTabBarAssembler.swift in Sources */ = {isa = PBXBuildFile; fileRef = 56D7EAE92B28D10600F72D2D /* MainTabBarAssembler.swift */; };
		56D7EAEC2B28D1A600F72D2D /* MainTabBarCoordinator.swift in Sources */ = {isa = PBXBuildFile; fileRef = 56D7EAEB2B28D1A600F72D2D /* MainTabBarCoordinator.swift */; };
		56D7EAF02B28D2DB00F72D2D /* HomeVC.swift in Sources */ = {isa = PBXBuildFile; fileRef = 56D7EAEF2B28D2DB00F72D2D /* HomeVC.swift */; };
		56D7EAF22B28D30200F72D2D /* HomeAssembler.swift in Sources */ = {isa = PBXBuildFile; fileRef = 56D7EAF12B28D30200F72D2D /* HomeAssembler.swift */; };
		56D7EAF42B28D34200F72D2D /* HomeCoordinator.swift in Sources */ = {isa = PBXBuildFile; fileRef = 56D7EAF32B28D34200F72D2D /* HomeCoordinator.swift */; };
		56D7EAF62B29814000F72D2D /* Localization+Home.swift in Sources */ = {isa = PBXBuildFile; fileRef = 56D7EAF52B29814000F72D2D /* Localization+Home.swift */; };
		56D7EAF82B29817200F72D2D /* Localization+Profile.swift in Sources */ = {isa = PBXBuildFile; fileRef = 56D7EAF72B29817200F72D2D /* Localization+Profile.swift */; };
		56D7EAFB2B29867300F72D2D /* ProfileVC.swift in Sources */ = {isa = PBXBuildFile; fileRef = 56D7EAFA2B29867300F72D2D /* ProfileVC.swift */; };
		56D7EAFE2B29874700F72D2D /* ProfileAssembler.swift in Sources */ = {isa = PBXBuildFile; fileRef = 56D7EAFD2B29874700F72D2D /* ProfileAssembler.swift */; };
		56D7EB002B2987A700F72D2D /* ProfileCoordinator.swift in Sources */ = {isa = PBXBuildFile; fileRef = 56D7EAFF2B2987A700F72D2D /* ProfileCoordinator.swift */; };
		56D7EB022B298DC600F72D2D /* AlertService+ResetPassword.swift in Sources */ = {isa = PBXBuildFile; fileRef = 56D7EB012B298DC600F72D2D /* AlertService+ResetPassword.swift */; };
		56D7EB042B2A090000F72D2D /* HomeVM.swift in Sources */ = {isa = PBXBuildFile; fileRef = 56D7EB032B2A090000F72D2D /* HomeVM.swift */; };
		56D7EB062B2A09F100F72D2D /* ProfileVM.swift in Sources */ = {isa = PBXBuildFile; fileRef = 56D7EB052B2A09F100F72D2D /* ProfileVM.swift */; };
		56E5DF0A2B77C74D007F8FB6 /* CommentTextView.swift in Sources */ = {isa = PBXBuildFile; fileRef = 56E5DF092B77C74D007F8FB6 /* CommentTextView.swift */; };
		56E67DBE2AE824E900248F85 /* AppDelegate.swift in Sources */ = {isa = PBXBuildFile; fileRef = 56E67DBD2AE824E900248F85 /* AppDelegate.swift */; };
		56E67DC02AE824E900248F85 /* SceneDelegate.swift in Sources */ = {isa = PBXBuildFile; fileRef = 56E67DBF2AE824E900248F85 /* SceneDelegate.swift */; };
		56E67DC72AE824EA00248F85 /* Assets.xcassets in Resources */ = {isa = PBXBuildFile; fileRef = 56E67DC62AE824EA00248F85 /* Assets.xcassets */; };
		56E67DCA2AE824EA00248F85 /* LaunchScreen.storyboard in Resources */ = {isa = PBXBuildFile; fileRef = 56E67DC82AE824EA00248F85 /* LaunchScreen.storyboard */; };
		56E67DD72AE82E7400248F85 /* UIColor+Consts.swift in Sources */ = {isa = PBXBuildFile; fileRef = 56E67DD62AE82E7400248F85 /* UIColor+Consts.swift */; };
		56E67DD92AE834E300248F85 /* UIFont+Consts.swift in Sources */ = {isa = PBXBuildFile; fileRef = 56E67DD82AE834E300248F85 /* UIFont+Consts.swift */; };
		56E67DDC2AE8382800248F85 /* UIImage+Consts.swift in Sources */ = {isa = PBXBuildFile; fileRef = 56E67DDB2AE8382800248F85 /* UIImage+Consts.swift */; };
		56E67DDF2AE83AF400248F85 /* SnapKit in Frameworks */ = {isa = PBXBuildFile; productRef = 56E67DDE2AE83AF400248F85 /* SnapKit */; };
		56E67DE42AE83DE000248F85 /* LoginVC.swift in Sources */ = {isa = PBXBuildFile; fileRef = 56E67DE32AE83DE000248F85 /* LoginVC.swift */; };
		56E67DEB2AE9062500248F85 /* Localizable.strings in Resources */ = {isa = PBXBuildFile; fileRef = 56E67DED2AE9062500248F85 /* Localizable.strings */; };
		56E67DF12AE906F900248F85 /* String+localized.swift in Sources */ = {isa = PBXBuildFile; fileRef = 56E67DF02AE906F900248F85 /* String+localized.swift */; };
		56F80B9C2B7DFFB40061B328 /* DateNotification+Storage.swift in Sources */ = {isa = PBXBuildFile; fileRef = 56F80B9B2B7DFFB40061B328 /* DateNotification+Storage.swift */; };
/* End PBXBuildFile section */

/* Begin PBXContainerItemProxy section */
		56BFC9822B695AC400B47FE2 /* PBXContainerItemProxy */ = {
			isa = PBXContainerItemProxy;
			containerPortal = 56E67DB22AE824E900248F85 /* Project object */;
			proxyType = 1;
			remoteGlobalIDString = 56BFC97D2B695AC400B47FE2;
			remoteInfo = Storage;
		};
/* End PBXContainerItemProxy section */

/* Begin PBXCopyFilesBuildPhase section */
		56BFC9892B695AC400B47FE2 /* Embed Frameworks */ = {
			isa = PBXCopyFilesBuildPhase;
			buildActionMask = 2147483647;
			dstPath = "";
			dstSubfolderSpec = 10;
			files = (
				56BFC9852B695AC400B47FE2 /* Storage.framework in Embed Frameworks */,
			);
			name = "Embed Frameworks";
			runOnlyForDeploymentPostprocessing = 0;
		};
/* End PBXCopyFilesBuildPhase section */

/* Begin PBXFileReference section */
		56006B3F2B7E5CF700336104 /* DateCell.swift */ = {isa = PBXFileReference; lastKnownFileType = sourcecode.swift; path = DateCell.swift; sourceTree = "<group>"; };
		560E12162B79390D00FE0C75 /* PopoverVC.swift */ = {isa = PBXFileReference; lastKnownFileType = sourcecode.swift; path = PopoverVC.swift; sourceTree = "<group>"; };
		560E12182B79397600FE0C75 /* PopoverCell.swift */ = {isa = PBXFileReference; lastKnownFileType = sourcecode.swift; path = PopoverCell.swift; sourceTree = "<group>"; };
		560E121A2B7942EA00FE0C75 /* PopoverRow.swift */ = {isa = PBXFileReference; lastKnownFileType = sourcecode.swift; path = PopoverRow.swift; sourceTree = "<group>"; };
		560F244D2B03DB8700226BAD /* RegisterPresenter.swift */ = {isa = PBXFileReference; lastKnownFileType = sourcecode.swift; path = RegisterPresenter.swift; sourceTree = "<group>"; };
		560F244F2B03E0B500226BAD /* RegisterAssembler.swift */ = {isa = PBXFileReference; lastKnownFileType = sourcecode.swift; path = RegisterAssembler.swift; sourceTree = "<group>"; };
		560F24522B03E52C00226BAD /* KeyboardHelper.swift */ = {isa = PBXFileReference; lastKnownFileType = sourcecode.swift; path = KeyboardHelper.swift; sourceTree = "<group>"; };
		560F24562B04B16B00226BAD /* AnimatorService.swift */ = {isa = PBXFileReference; lastKnownFileType = sourcecode.swift; path = AnimatorService.swift; sourceTree = "<group>"; };
		560F24592B04E44E00226BAD /* AuthService+Register.swift */ = {isa = PBXFileReference; lastKnownFileType = sourcecode.swift; path = "AuthService+Register.swift"; sourceTree = "<group>"; };
		560F245B2B04F74200226BAD /* InputValidator+Register.swift */ = {isa = PBXFileReference; lastKnownFileType = sourcecode.swift; path = "InputValidator+Register.swift"; sourceTree = "<group>"; };
		560F245D2B052E6F00226BAD /* ResetPasswordVM.swift */ = {isa = PBXFileReference; lastKnownFileType = sourcecode.swift; path = ResetPasswordVM.swift; sourceTree = "<group>"; };
		560F245F2B052F4400226BAD /* ResetPasswordAssambler.swift */ = {isa = PBXFileReference; lastKnownFileType = sourcecode.swift; path = ResetPasswordAssambler.swift; sourceTree = "<group>"; };
		560F24622B05319200226BAD /* AuthService+ResetPassword.swift */ = {isa = PBXFileReference; lastKnownFileType = sourcecode.swift; path = "AuthService+ResetPassword.swift"; sourceTree = "<group>"; };
		560F24642B05351600226BAD /* InputValidator+ResetPassword.swift */ = {isa = PBXFileReference; lastKnownFileType = sourcecode.swift; path = "InputValidator+ResetPassword.swift"; sourceTree = "<group>"; };
		560F24682B0539B400226BAD /* AuthService.swift */ = {isa = PBXFileReference; lastKnownFileType = sourcecode.swift; path = AuthService.swift; sourceTree = "<group>"; };
		560F246A2B0539FF00226BAD /* AuthService+Login.swift */ = {isa = PBXFileReference; lastKnownFileType = sourcecode.swift; path = "AuthService+Login.swift"; sourceTree = "<group>"; };
		560F246C2B05ED0900226BAD /* KeyboardHelper+Register.swift */ = {isa = PBXFileReference; lastKnownFileType = sourcecode.swift; path = "KeyboardHelper+Register.swift"; sourceTree = "<group>"; };
		560F246E2B05EEC800226BAD /* KeyboardHelper+ResetPassword.swift */ = {isa = PBXFileReference; lastKnownFileType = sourcecode.swift; path = "KeyboardHelper+ResetPassword.swift"; sourceTree = "<group>"; };
		560F24702B05F4E300226BAD /* KeyboardHelper+Login.swift */ = {isa = PBXFileReference; lastKnownFileType = sourcecode.swift; path = "KeyboardHelper+Login.swift"; sourceTree = "<group>"; };
		5615B69B2AEF922D007CA590 /* AppDatePickerView.swift */ = {isa = PBXFileReference; lastKnownFileType = sourcecode.swift; path = AppDatePickerView.swift; sourceTree = "<group>"; };
		56197ECA2B73E35000414DD4 /* DTODescription.swift */ = {isa = PBXFileReference; lastKnownFileType = sourcecode.swift; path = DTODescription.swift; sourceTree = "<group>"; };
		56197ECC2B73E41200414DD4 /* NotificationStorage.swift */ = {isa = PBXFileReference; lastKnownFileType = sourcecode.swift; path = NotificationStorage.swift; sourceTree = "<group>"; };
		56197ECF2B73F5FA00414DD4 /* FRCService.swift */ = {isa = PBXFileReference; lastKnownFileType = sourcecode.swift; path = FRCService.swift; sourceTree = "<group>"; };
		562A72342B75091000755314 /* MainTabBarVM.swift */ = {isa = PBXFileReference; lastKnownFileType = sourcecode.swift; path = MainTabBarVM.swift; sourceTree = "<group>"; };
		562A72362B750E2F00755314 /* Localozation+MainTabBar.swift */ = {isa = PBXFileReference; lastKnownFileType = sourcecode.swift; path = "Localozation+MainTabBar.swift"; sourceTree = "<group>"; };
		562E66FC2B6BD34100F90EC0 /* TimerNotificationMO+CoreDataClass.swift */ = {isa = PBXFileReference; lastKnownFileType = sourcecode.swift; path = "TimerNotificationMO+CoreDataClass.swift"; sourceTree = "<group>"; };
		562E66FD2B6BD34100F90EC0 /* TimerNotificationMO+CoreDataProperties.swift */ = {isa = PBXFileReference; lastKnownFileType = sourcecode.swift; path = "TimerNotificationMO+CoreDataProperties.swift"; sourceTree = "<group>"; };
		562E66FE2B6BD34100F90EC0 /* LocationNotificationMO+CoreDataClass.swift */ = {isa = PBXFileReference; lastKnownFileType = sourcecode.swift; path = "LocationNotificationMO+CoreDataClass.swift"; sourceTree = "<group>"; };
		562E66FF2B6BD34100F90EC0 /* LocationNotificationMO+CoreDataProperties.swift */ = {isa = PBXFileReference; lastKnownFileType = sourcecode.swift; path = "LocationNotificationMO+CoreDataProperties.swift"; sourceTree = "<group>"; };
		562E67042B6BD3FD00F90EC0 /* TimerNotificationDTO.swift */ = {isa = PBXFileReference; lastKnownFileType = sourcecode.swift; path = TimerNotificationDTO.swift; sourceTree = "<group>"; };
		562E67062B6BD40800F90EC0 /* LocationNotificationDTO.swift */ = {isa = PBXFileReference; lastKnownFileType = sourcecode.swift; path = LocationNotificationDTO.swift; sourceTree = "<group>"; };
		562E670A2B6BE18900F90EC0 /* LocationNotificationStorage.swift */ = {isa = PBXFileReference; lastKnownFileType = sourcecode.swift; path = LocationNotificationStorage.swift; sourceTree = "<group>"; };
		562E670C2B6BE19200F90EC0 /* TimerNotificationStorage.swift */ = {isa = PBXFileReference; lastKnownFileType = sourcecode.swift; path = TimerNotificationStorage.swift; sourceTree = "<group>"; };
		56302FCE2B36BCF60051E331 /* AlertService+Profile.swift */ = {isa = PBXFileReference; lastKnownFileType = sourcecode.swift; path = "AlertService+Profile.swift"; sourceTree = "<group>"; };
		563A582B2B20AB6C00B8AFAF /* Localization+AlertBuilder.swift */ = {isa = PBXFileReference; lastKnownFileType = sourcecode.swift; path = "Localization+AlertBuilder.swift"; sourceTree = "<group>"; };
		563BF71C2AFE942D00150C98 /* UIButton+Actions.swift */ = {isa = PBXFileReference; lastKnownFileType = sourcecode.swift; path = "UIButton+Actions.swift"; sourceTree = "<group>"; };
		563BF71E2AFE977C00150C98 /* LoginVM.swift */ = {isa = PBXFileReference; lastKnownFileType = sourcecode.swift; path = LoginVM.swift; sourceTree = "<group>"; };
		563BF7202AFE97F400150C98 /* LoginAssembler.swift */ = {isa = PBXFileReference; lastKnownFileType = sourcecode.swift; path = LoginAssembler.swift; sourceTree = "<group>"; };
		563BF7242AFEA1B600150C98 /* InputValidator.swift */ = {isa = PBXFileReference; lastKnownFileType = sourcecode.swift; path = InputValidator.swift; sourceTree = "<group>"; };
		563BF7272AFEA81300150C98 /* InputValidator+Login.swift */ = {isa = PBXFileReference; lastKnownFileType = sourcecode.swift; path = "InputValidator+Login.swift"; sourceTree = "<group>"; };
		5640A3492B35C9D00052E7D0 /* AuthService+Profile.swift */ = {isa = PBXFileReference; lastKnownFileType = sourcecode.swift; path = "AuthService+Profile.swift"; sourceTree = "<group>"; };
		56414AE42AF15EE400A79CDC /* View+Layer.swift */ = {isa = PBXFileReference; lastKnownFileType = sourcecode.swift; path = "View+Layer.swift"; sourceTree = "<group>"; };
		56414AE72AF1602B00A79CDC /* UIButton+Styles.swift */ = {isa = PBXFileReference; lastKnownFileType = sourcecode.swift; path = "UIButton+Styles.swift"; sourceTree = "<group>"; };
		56414AEA2AF16EC200A79CDC /* LineTextField.swift */ = {isa = PBXFileReference; lastKnownFileType = sourcecode.swift; path = LineTextField.swift; sourceTree = "<group>"; };
		56414AF02AF29BAA00A79CDC /* UIView+Styles.swift */ = {isa = PBXFileReference; lastKnownFileType = sourcecode.swift; path = "UIView+Styles.swift"; sourceTree = "<group>"; };
		56414AF22AF29D4900A79CDC /* UILabel+Styles.swift */ = {isa = PBXFileReference; lastKnownFileType = sourcecode.swift; path = "UILabel+Styles.swift"; sourceTree = "<group>"; };
		56414AF72AF3A47700A79CDC /* RegisterVC.swift */ = {isa = PBXFileReference; lastKnownFileType = sourcecode.swift; path = RegisterVC.swift; sourceTree = "<group>"; };
		56414AF92AF3AB3100A79CDC /* UIViewController+EndEditing.swift */ = {isa = PBXFileReference; lastKnownFileType = sourcecode.swift; path = "UIViewController+EndEditing.swift"; sourceTree = "<group>"; };
		56414AFC2AF3B05B00A79CDC /* ResetPasswordVC.swift */ = {isa = PBXFileReference; lastKnownFileType = sourcecode.swift; path = ResetPasswordVC.swift; sourceTree = "<group>"; };
		564BBF5C2B762F0500B53A66 /* DateNotificationVC.swift */ = {isa = PBXFileReference; lastKnownFileType = sourcecode.swift; path = DateNotificationVC.swift; sourceTree = "<group>"; };
		564BBF5E2B762F1300B53A66 /* DateNotificationVM.swift */ = {isa = PBXFileReference; lastKnownFileType = sourcecode.swift; path = DateNotificationVM.swift; sourceTree = "<group>"; };
		564BBF612B76304600B53A66 /* DateNotificationCoordinator.swift */ = {isa = PBXFileReference; lastKnownFileType = sourcecode.swift; path = DateNotificationCoordinator.swift; sourceTree = "<group>"; };
		564BBF632B7630D200B53A66 /* DateNotificationAssembler.swift */ = {isa = PBXFileReference; lastKnownFileType = sourcecode.swift; path = DateNotificationAssembler.swift; sourceTree = "<group>"; };
		564BBF652B76337D00B53A66 /* LocationNotificationVC.swift */ = {isa = PBXFileReference; lastKnownFileType = sourcecode.swift; path = LocationNotificationVC.swift; sourceTree = "<group>"; };
		564BBF672B76338A00B53A66 /* LocationNotificationVM.swift */ = {isa = PBXFileReference; lastKnownFileType = sourcecode.swift; path = LocationNotificationVM.swift; sourceTree = "<group>"; };
		564BBF6A2B7633A600B53A66 /* LocationNotificationAssembler.swift */ = {isa = PBXFileReference; lastKnownFileType = sourcecode.swift; path = LocationNotificationAssembler.swift; sourceTree = "<group>"; };
		564BBF6C2B7633B000B53A66 /* LocationNotificationCoordinator.swift */ = {isa = PBXFileReference; lastKnownFileType = sourcecode.swift; path = LocationNotificationCoordinator.swift; sourceTree = "<group>"; };
		564BBF6E2B7636E600B53A66 /* TimerNotificationVC.swift */ = {isa = PBXFileReference; lastKnownFileType = sourcecode.swift; path = TimerNotificationVC.swift; sourceTree = "<group>"; };
		564BBF702B76378000B53A66 /* TimerNotificationVM.swift */ = {isa = PBXFileReference; lastKnownFileType = sourcecode.swift; path = TimerNotificationVM.swift; sourceTree = "<group>"; };
		564BBF732B76385300B53A66 /* TimerNotificationCoordinator.swift */ = {isa = PBXFileReference; lastKnownFileType = sourcecode.swift; path = TimerNotificationCoordinator.swift; sourceTree = "<group>"; };
		564BBF752B76386300B53A66 /* TimerNotificationAssembler.swift */ = {isa = PBXFileReference; lastKnownFileType = sourcecode.swift; path = TimerNotificationAssembler.swift; sourceTree = "<group>"; };
		564BBF772B765CC700B53A66 /* Localozation+DateNotification.swift */ = {isa = PBXFileReference; lastKnownFileType = sourcecode.swift; path = "Localozation+DateNotification.swift"; sourceTree = "<group>"; };
		565DB0D62AFCC6C300625F7C /* Localization+Auth.swift */ = {isa = PBXFileReference; lastKnownFileType = sourcecode.swift; path = "Localization+Auth.swift"; sourceTree = "<group>"; };
		565E7E3D2B0D124600590556 /* AppCoordinator.swift */ = {isa = PBXFileReference; lastKnownFileType = sourcecode.swift; path = AppCoordinator.swift; sourceTree = "<group>"; };
		565E7E402B0D129C00590556 /* Coordinator.swift */ = {isa = PBXFileReference; lastKnownFileType = sourcecode.swift; path = Coordinator.swift; sourceTree = "<group>"; };
		565E7E432B0D1B6E00590556 /* LoginCoordinator.swift */ = {isa = PBXFileReference; lastKnownFileType = sourcecode.swift; path = LoginCoordinator.swift; sourceTree = "<group>"; };
		565E7E462B0D24C000590556 /* RegisterCoordinator.swift */ = {isa = PBXFileReference; lastKnownFileType = sourcecode.swift; path = RegisterCoordinator.swift; sourceTree = "<group>"; };
		565E7E482B0F665F00590556 /* AnimatorService+Login.swift */ = {isa = PBXFileReference; lastKnownFileType = sourcecode.swift; path = "AnimatorService+Login.swift"; sourceTree = "<group>"; };
		565E7E4A2B0F69D100590556 /* Animator+Register.swift */ = {isa = PBXFileReference; lastKnownFileType = sourcecode.swift; path = "Animator+Register.swift"; sourceTree = "<group>"; };
		565E7E4C2B0F6A7B00590556 /* Animator+ResetPassword.swift */ = {isa = PBXFileReference; lastKnownFileType = sourcecode.swift; path = "Animator+ResetPassword.swift"; sourceTree = "<group>"; };
		566730D92B1F846A0085D83F /* GoogleService-Info.plist */ = {isa = PBXFileReference; fileEncoding = 4; lastKnownFileType = text.plist.xml; path = "GoogleService-Info.plist"; sourceTree = "<group>"; };
		566730E32B1F95DD0085D83F /* AuthService.swift */ = {isa = PBXFileReference; lastKnownFileType = sourcecode.swift; path = AuthService.swift; sourceTree = "<group>"; };
		5673B3B02B56E0CA004ABFDA /* Container.swift */ = {isa = PBXFileReference; lastKnownFileType = sourcecode.swift; path = Container.swift; sourceTree = "<group>"; };
		5673B3B22B56E544004ABFDA /* ContainerRegistrator.swift */ = {isa = PBXFileReference; lastKnownFileType = sourcecode.swift; path = ContainerRegistrator.swift; sourceTree = "<group>"; };
		5673B3B52B56EFF8004ABFDA /* WindowManager.swift */ = {isa = PBXFileReference; lastKnownFileType = sourcecode.swift; path = WindowManager.swift; sourceTree = "<group>"; };
		56741D542B3413AD005C43A8 /* ProfileTableViewHeader.swift */ = {isa = PBXFileReference; lastKnownFileType = sourcecode.swift; path = ProfileTableViewHeader.swift; sourceTree = "<group>"; };
		56741D562B342878005C43A8 /* ProfileAccountCell.swift */ = {isa = PBXFileReference; lastKnownFileType = sourcecode.swift; path = ProfileAccountCell.swift; sourceTree = "<group>"; };
		56741D592B3447F2005C43A8 /* ProfileSettingsCell.swift */ = {isa = PBXFileReference; lastKnownFileType = sourcecode.swift; path = ProfileSettingsCell.swift; sourceTree = "<group>"; };
		568AE0B72B109377002C83E0 /* ResetPasswordCoordinator.swift */ = {isa = PBXFileReference; lastKnownFileType = sourcecode.swift; path = ResetPasswordCoordinator.swift; sourceTree = "<group>"; };
		56BFC9772B69563E00B47FE2 /* Collection+Register.swift */ = {isa = PBXFileReference; lastKnownFileType = sourcecode.swift; path = "Collection+Register.swift"; sourceTree = "<group>"; };
		56BFC97E2B695AC400B47FE2 /* Storage.framework */ = {isa = PBXFileReference; explicitFileType = wrapper.framework; includeInIndex = 0; path = Storage.framework; sourceTree = BUILT_PRODUCTS_DIR; };
		56BFC9802B695AC400B47FE2 /* Storage.h */ = {isa = PBXFileReference; lastKnownFileType = sourcecode.c.h; path = Storage.h; sourceTree = "<group>"; };
		56BFC98E2B695C7F00B47FE2 /* NotificationDataBase.xcdatamodel */ = {isa = PBXFileReference; lastKnownFileType = wrapper.xcdatamodel; path = NotificationDataBase.xcdatamodel; sourceTree = "<group>"; };
		56BFC9922B695F0200B47FE2 /* DateNotificationMO+CoreDataClass.swift */ = {isa = PBXFileReference; lastKnownFileType = sourcecode.swift; path = "DateNotificationMO+CoreDataClass.swift"; sourceTree = "<group>"; };
		56BFC9932B695F0200B47FE2 /* DateNotificationMO+CoreDataProperties.swift */ = {isa = PBXFileReference; lastKnownFileType = sourcecode.swift; path = "DateNotificationMO+CoreDataProperties.swift"; sourceTree = "<group>"; };
		56BFC9942B695F0200B47FE2 /* BaseNotificationMO+CoreDataClass.swift */ = {isa = PBXFileReference; lastKnownFileType = sourcecode.swift; path = "BaseNotificationMO+CoreDataClass.swift"; sourceTree = "<group>"; };
		56BFC9952B695F0200B47FE2 /* BaseNotificationMO+CoreDataProperties.swift */ = {isa = PBXFileReference; lastKnownFileType = sourcecode.swift; path = "BaseNotificationMO+CoreDataProperties.swift"; sourceTree = "<group>"; };
		56BFC99B2B69645100B47FE2 /* DateNotificationDTO.swift */ = {isa = PBXFileReference; lastKnownFileType = sourcecode.swift; path = DateNotificationDTO.swift; sourceTree = "<group>"; };
		56BFC99E2B69675B00B47FE2 /* CoreDataService.swift */ = {isa = PBXFileReference; lastKnownFileType = sourcecode.swift; path = CoreDataService.swift; sourceTree = "<group>"; };
		56BFC9A12B6968B100B47FE2 /* DateNotificationStorage.swift */ = {isa = PBXFileReference; lastKnownFileType = sourcecode.swift; path = DateNotificationStorage.swift; sourceTree = "<group>"; };
		56BFC9A42B696E0A00B47FE2 /* NSPredicate+Const.swift */ = {isa = PBXFileReference; lastKnownFileType = sourcecode.swift; path = "NSPredicate+Const.swift"; sourceTree = "<group>"; };
		56C3CAEF2B7D46D1003841AE /* HomeAdapter.swift */ = {isa = PBXFileReference; lastKnownFileType = sourcecode.swift; path = HomeAdapter.swift; sourceTree = "<group>"; };
		56CD845D2B2631FB00DBBA2B /* AttributedString+parse.swift */ = {isa = PBXFileReference; lastKnownFileType = sourcecode.swift; path = "AttributedString+parse.swift"; sourceTree = "<group>"; };
		56D11F382B601CDC0013FE32 /* ProfileSections.swift */ = {isa = PBXFileReference; lastKnownFileType = sourcecode.swift; path = ProfileSections.swift; sourceTree = "<group>"; };
		56D11F3C2B602CD30013FE32 /* ProfileAdapter.swift */ = {isa = PBXFileReference; lastKnownFileType = sourcecode.swift; path = ProfileAdapter.swift; sourceTree = "<group>"; };
		56D733E42B164B620025283C /* ParametersHelper.swift */ = {isa = PBXFileReference; lastKnownFileType = sourcecode.swift; path = ParametersHelper.swift; sourceTree = "<group>"; };
		56D733E92B16547B0025283C /* ObnoardFirstStepVC.swift */ = {isa = PBXFileReference; lastKnownFileType = sourcecode.swift; path = ObnoardFirstStepVC.swift; sourceTree = "<group>"; };
		56D733EB2B1656760025283C /* OnboardFirstStepVM.swift */ = {isa = PBXFileReference; lastKnownFileType = sourcecode.swift; path = OnboardFirstStepVM.swift; sourceTree = "<group>"; };
		56D733ED2B16572A0025283C /* OnboardFirstStepAssembler.swift */ = {isa = PBXFileReference; lastKnownFileType = sourcecode.swift; path = OnboardFirstStepAssembler.swift; sourceTree = "<group>"; };
		56D733EF2B1657D60025283C /* OnboardFirstStepCoordinator.swift */ = {isa = PBXFileReference; lastKnownFileType = sourcecode.swift; path = OnboardFirstStepCoordinator.swift; sourceTree = "<group>"; };
		56D733F22B165AE30025283C /* OnboardSecondStepVC.swift */ = {isa = PBXFileReference; lastKnownFileType = sourcecode.swift; path = OnboardSecondStepVC.swift; sourceTree = "<group>"; };
		56D733F42B165C9E0025283C /* OnboardSecondStepVM.swift */ = {isa = PBXFileReference; lastKnownFileType = sourcecode.swift; path = OnboardSecondStepVM.swift; sourceTree = "<group>"; };
		56D733F72B165D860025283C /* OnboardSecondStepAssembler.swift */ = {isa = PBXFileReference; lastKnownFileType = sourcecode.swift; path = OnboardSecondStepAssembler.swift; sourceTree = "<group>"; };
		56D733F92B165E440025283C /* OnboardSecondStepCoordinator.swift */ = {isa = PBXFileReference; lastKnownFileType = sourcecode.swift; path = OnboardSecondStepCoordinator.swift; sourceTree = "<group>"; };
		56D733FB2B1712DF0025283C /* Localization+Onboarding.swift */ = {isa = PBXFileReference; lastKnownFileType = sourcecode.swift; path = "Localization+Onboarding.swift"; sourceTree = "<group>"; };
		56D734032B1799300025283C /* MainTabBarVC.swift */ = {isa = PBXFileReference; lastKnownFileType = sourcecode.swift; path = MainTabBarVC.swift; sourceTree = "<group>"; };
		56D7EAE42B28C1DB00F72D2D /* AlertService.swift */ = {isa = PBXFileReference; lastKnownFileType = sourcecode.swift; path = AlertService.swift; sourceTree = "<group>"; };
		56D7EAE62B28C95200F72D2D /* AlertService+Login.swift */ = {isa = PBXFileReference; lastKnownFileType = sourcecode.swift; path = "AlertService+Login.swift"; sourceTree = "<group>"; };
		56D7EAE92B28D10600F72D2D /* MainTabBarAssembler.swift */ = {isa = PBXFileReference; lastKnownFileType = sourcecode.swift; path = MainTabBarAssembler.swift; sourceTree = "<group>"; };
		56D7EAEB2B28D1A600F72D2D /* MainTabBarCoordinator.swift */ = {isa = PBXFileReference; lastKnownFileType = sourcecode.swift; path = MainTabBarCoordinator.swift; sourceTree = "<group>"; };
		56D7EAEF2B28D2DB00F72D2D /* HomeVC.swift */ = {isa = PBXFileReference; lastKnownFileType = sourcecode.swift; path = HomeVC.swift; sourceTree = "<group>"; };
		56D7EAF12B28D30200F72D2D /* HomeAssembler.swift */ = {isa = PBXFileReference; lastKnownFileType = sourcecode.swift; path = HomeAssembler.swift; sourceTree = "<group>"; };
		56D7EAF32B28D34200F72D2D /* HomeCoordinator.swift */ = {isa = PBXFileReference; lastKnownFileType = sourcecode.swift; path = HomeCoordinator.swift; sourceTree = "<group>"; };
		56D7EAF52B29814000F72D2D /* Localization+Home.swift */ = {isa = PBXFileReference; lastKnownFileType = sourcecode.swift; path = "Localization+Home.swift"; sourceTree = "<group>"; };
		56D7EAF72B29817200F72D2D /* Localization+Profile.swift */ = {isa = PBXFileReference; lastKnownFileType = sourcecode.swift; path = "Localization+Profile.swift"; sourceTree = "<group>"; };
		56D7EAFA2B29867300F72D2D /* ProfileVC.swift */ = {isa = PBXFileReference; lastKnownFileType = sourcecode.swift; path = ProfileVC.swift; sourceTree = "<group>"; };
		56D7EAFD2B29874700F72D2D /* ProfileAssembler.swift */ = {isa = PBXFileReference; lastKnownFileType = sourcecode.swift; path = ProfileAssembler.swift; sourceTree = "<group>"; };
		56D7EAFF2B2987A700F72D2D /* ProfileCoordinator.swift */ = {isa = PBXFileReference; lastKnownFileType = sourcecode.swift; path = ProfileCoordinator.swift; sourceTree = "<group>"; };
		56D7EB012B298DC600F72D2D /* AlertService+ResetPassword.swift */ = {isa = PBXFileReference; lastKnownFileType = sourcecode.swift; path = "AlertService+ResetPassword.swift"; sourceTree = "<group>"; };
		56D7EB032B2A090000F72D2D /* HomeVM.swift */ = {isa = PBXFileReference; lastKnownFileType = sourcecode.swift; path = HomeVM.swift; sourceTree = "<group>"; };
		56D7EB052B2A09F100F72D2D /* ProfileVM.swift */ = {isa = PBXFileReference; lastKnownFileType = sourcecode.swift; path = ProfileVM.swift; sourceTree = "<group>"; };
		56E5DF092B77C74D007F8FB6 /* CommentTextView.swift */ = {isa = PBXFileReference; lastKnownFileType = sourcecode.swift; path = CommentTextView.swift; sourceTree = "<group>"; };
		56E67DBA2AE824E900248F85 /* NoteMe.app */ = {isa = PBXFileReference; explicitFileType = wrapper.application; includeInIndex = 0; path = NoteMe.app; sourceTree = BUILT_PRODUCTS_DIR; };
		56E67DBD2AE824E900248F85 /* AppDelegate.swift */ = {isa = PBXFileReference; lastKnownFileType = sourcecode.swift; path = AppDelegate.swift; sourceTree = "<group>"; };
		56E67DBF2AE824E900248F85 /* SceneDelegate.swift */ = {isa = PBXFileReference; lastKnownFileType = sourcecode.swift; path = SceneDelegate.swift; sourceTree = "<group>"; };
		56E67DC62AE824EA00248F85 /* Assets.xcassets */ = {isa = PBXFileReference; lastKnownFileType = folder.assetcatalog; path = Assets.xcassets; sourceTree = "<group>"; };
		56E67DC92AE824EA00248F85 /* Base */ = {isa = PBXFileReference; lastKnownFileType = file.storyboard; name = Base; path = Base.lproj/LaunchScreen.storyboard; sourceTree = "<group>"; };
		56E67DCB2AE824EA00248F85 /* Info.plist */ = {isa = PBXFileReference; lastKnownFileType = text.plist.xml; path = Info.plist; sourceTree = "<group>"; };
		56E67DD62AE82E7400248F85 /* UIColor+Consts.swift */ = {isa = PBXFileReference; lastKnownFileType = sourcecode.swift; path = "UIColor+Consts.swift"; sourceTree = "<group>"; };
		56E67DD82AE834E300248F85 /* UIFont+Consts.swift */ = {isa = PBXFileReference; lastKnownFileType = sourcecode.swift; path = "UIFont+Consts.swift"; sourceTree = "<group>"; };
		56E67DDB2AE8382800248F85 /* UIImage+Consts.swift */ = {isa = PBXFileReference; lastKnownFileType = sourcecode.swift; path = "UIImage+Consts.swift"; sourceTree = "<group>"; };
		56E67DE32AE83DE000248F85 /* LoginVC.swift */ = {isa = PBXFileReference; lastKnownFileType = sourcecode.swift; path = LoginVC.swift; sourceTree = "<group>"; };
		56E67DEC2AE9062500248F85 /* en */ = {isa = PBXFileReference; lastKnownFileType = text.plist.strings; name = en; path = en.lproj/Localizable.strings; sourceTree = "<group>"; };
		56E67DEE2AE9065300248F85 /* ru */ = {isa = PBXFileReference; lastKnownFileType = text.plist.strings; name = ru; path = ru.lproj/Localizable.strings; sourceTree = "<group>"; };
		56E67DF02AE906F900248F85 /* String+localized.swift */ = {isa = PBXFileReference; lastKnownFileType = sourcecode.swift; path = "String+localized.swift"; sourceTree = "<group>"; };
		56F80B9B2B7DFFB40061B328 /* DateNotification+Storage.swift */ = {isa = PBXFileReference; lastKnownFileType = sourcecode.swift; path = "DateNotification+Storage.swift"; sourceTree = "<group>"; };
/* End PBXFileReference section */

/* Begin PBXFrameworksBuildPhase section */
		56BFC97B2B695AC400B47FE2 /* Frameworks */ = {
			isa = PBXFrameworksBuildPhase;
			buildActionMask = 2147483647;
			files = (
			);
			runOnlyForDeploymentPostprocessing = 0;
		};
		56E67DB72AE824E900248F85 /* Frameworks */ = {
			isa = PBXFrameworksBuildPhase;
			buildActionMask = 2147483647;
			files = (
				566730DD2B1F87F80085D83F /* FirebaseAnalytics in Frameworks */,
				566730E12B1F87F80085D83F /* FirebaseCrashlytics in Frameworks */,
				56BFC9842B695AC400B47FE2 /* Storage.framework in Frameworks */,
				566730DF2B1F87F80085D83F /* FirebaseAuth in Frameworks */,
				56E67DDF2AE83AF400248F85 /* SnapKit in Frameworks */,
			);
			runOnlyForDeploymentPostprocessing = 0;
		};
/* End PBXFrameworksBuildPhase section */

/* Begin PBXGroup section */
		56006B3E2B7E5CDC00336104 /* Adapter */ = {
			isa = PBXGroup;
			children = (
				56C3CAEF2B7D46D1003841AE /* HomeAdapter.swift */,
				56006B3F2B7E5CF700336104 /* DateCell.swift */,
			);
			path = Adapter;
			sourceTree = "<group>";
		};
		560E12152B7938F000FE0C75 /* Popover */ = {
			isa = PBXGroup;
			children = (
				560E12162B79390D00FE0C75 /* PopoverVC.swift */,
				560E121A2B7942EA00FE0C75 /* PopoverRow.swift */,
				560E12182B79397600FE0C75 /* PopoverCell.swift */,
			);
			path = Popover;
			sourceTree = "<group>";
		};
		560F24512B03E50C00226BAD /* KeyboardHelper */ = {
			isa = PBXGroup;
			children = (
				560F24522B03E52C00226BAD /* KeyboardHelper.swift */,
			);
			path = KeyboardHelper;
			sourceTree = "<group>";
		};
		560F24582B04E3F400226BAD /* UseCases */ = {
			isa = PBXGroup;
			children = (
				560F24592B04E44E00226BAD /* AuthService+Register.swift */,
				560F245B2B04F74200226BAD /* InputValidator+Register.swift */,
				565E7E4A2B0F69D100590556 /* Animator+Register.swift */,
				560F246C2B05ED0900226BAD /* KeyboardHelper+Register.swift */,
			);
			path = UseCases;
			sourceTree = "<group>";
		};
		560F24612B05317400226BAD /* UseCases */ = {
			isa = PBXGroup;
			children = (
				560F24622B05319200226BAD /* AuthService+ResetPassword.swift */,
				560F24642B05351600226BAD /* InputValidator+ResetPassword.swift */,
				560F246E2B05EEC800226BAD /* KeyboardHelper+ResetPassword.swift */,
				565E7E4C2B0F6A7B00590556 /* Animator+ResetPassword.swift */,
				56D7EB012B298DC600F72D2D /* AlertService+ResetPassword.swift */,
			);
			path = UseCases;
			sourceTree = "<group>";
		};
		560F24662B05399900226BAD /* AnimatorService */ = {
			isa = PBXGroup;
			children = (
				560F24562B04B16B00226BAD /* AnimatorService.swift */,
			);
			path = AnimatorService;
			sourceTree = "<group>";
		};
		560F24672B0539A100226BAD /* AuthService */ = {
			isa = PBXGroup;
			children = (
				560F24682B0539B400226BAD /* AuthService.swift */,
			);
			path = AuthService;
			sourceTree = "<group>";
		};
		56197EC92B73E32200414DD4 /* Protocols */ = {
			isa = PBXGroup;
			children = (
				56197ECA2B73E35000414DD4 /* DTODescription.swift */,
			);
			path = Protocols;
			sourceTree = "<group>";
		};
		56197ECE2B73F5ED00414DD4 /* FRC */ = {
			isa = PBXGroup;
			children = (
				56197ECF2B73F5FA00414DD4 /* FRCService.swift */,
			);
			path = FRC;
			sourceTree = "<group>";
		};
		563BF7222AFEA14700150C98 /* Services */ = {
			isa = PBXGroup;
			children = (
				5673B3B42B56EFE5004ABFDA /* WindowManager */,
				5673B3AF2B56E0BB004ABFDA /* Container */,
				566730E52B1F98D00085D83F /* AlertService */,
				566730E22B1F95B50085D83F /* AuthService */,
				56D733E32B164B450025283C /* ParametersHelper */,
				565E7E3F2B0D129100590556 /* Coordinator */,
				560F24672B0539A100226BAD /* AuthService */,
				560F24512B03E50C00226BAD /* KeyboardHelper */,
				563BF7232AFEA16600150C98 /* InputValidator */,
				560F24662B05399900226BAD /* AnimatorService */,
			);
			path = Services;
			sourceTree = "<group>";
		};
		563BF7232AFEA16600150C98 /* InputValidator */ = {
			isa = PBXGroup;
			children = (
				563BF7242AFEA1B600150C98 /* InputValidator.swift */,
			);
			path = InputValidator;
			sourceTree = "<group>";
		};
		563BF7262AFEA7B400150C98 /* UseCases */ = {
			isa = PBXGroup;
			children = (
				563BF7272AFEA81300150C98 /* InputValidator+Login.swift */,
				560F246A2B0539FF00226BAD /* AuthService+Login.swift */,
				565E7E482B0F665F00590556 /* AnimatorService+Login.swift */,
				560F24702B05F4E300226BAD /* KeyboardHelper+Login.swift */,
				56D7EAE62B28C95200F72D2D /* AlertService+Login.swift */,
			);
			path = UseCases;
			sourceTree = "<group>";
		};
		5640A3482B35C9BA0052E7D0 /* UseCases */ = {
			isa = PBXGroup;
			children = (
				5640A3492B35C9D00052E7D0 /* AuthService+Profile.swift */,
				56302FCE2B36BCF60051E331 /* AlertService+Profile.swift */,
			);
			path = UseCases;
			sourceTree = "<group>";
		};
		56414AE32AF15EC800A79CDC /* Utils */ = {
			isa = PBXGroup;
			children = (
				56414AE42AF15EE400A79CDC /* View+Layer.swift */,
				56BFC9772B69563E00B47FE2 /* Collection+Register.swift */,
				56CD845D2B2631FB00DBBA2B /* AttributedString+parse.swift */,
				563BF71C2AFE942D00150C98 /* UIButton+Actions.swift */,
				56E67DF02AE906F900248F85 /* String+localized.swift */,
				56414AF92AF3AB3100A79CDC /* UIViewController+EndEditing.swift */,
			);
			path = Utils;
			sourceTree = "<group>";
		};
		56414AE62AF1600900A79CDC /* Styles */ = {
			isa = PBXGroup;
			children = (
				56414AE72AF1602B00A79CDC /* UIButton+Styles.swift */,
				56414AF02AF29BAA00A79CDC /* UIView+Styles.swift */,
				56414AF22AF29D4900A79CDC /* UILabel+Styles.swift */,
			);
			path = Styles;
			sourceTree = "<group>";
		};
		56414AE92AF16EAB00A79CDC /* Custom */ = {
			isa = PBXGroup;
			children = (
				56414AEA2AF16EC200A79CDC /* LineTextField.swift */,
				56E5DF092B77C74D007F8FB6 /* CommentTextView.swift */,
				5615B69B2AEF922D007CA590 /* AppDatePickerView.swift */,
			);
			path = Custom;
			sourceTree = "<group>";
		};
		56414AF62AF3A46200A79CDC /* Register */ = {
			isa = PBXGroup;
			children = (
				565E7E452B0D24AB00590556 /* Coordinator */,
				560F24582B04E3F400226BAD /* UseCases */,
				56414AF72AF3A47700A79CDC /* RegisterVC.swift */,
				560F244D2B03DB8700226BAD /* RegisterPresenter.swift */,
			);
			path = Register;
			sourceTree = "<group>";
		};
		56414AFB2AF3B04000A79CDC /* ResetPassword */ = {
			isa = PBXGroup;
			children = (
				568AE0B62B109361002C83E0 /* Coordinator */,
				560F24612B05317400226BAD /* UseCases */,
				56414AFC2AF3B05B00A79CDC /* ResetPasswordVC.swift */,
				560F245D2B052E6F00226BAD /* ResetPasswordVM.swift */,
			);
			path = ResetPassword;
			sourceTree = "<group>";
		};
		564BBF592B762E4B00B53A66 /* CreateDateNotification */ = {
			isa = PBXGroup;
			children = (
				56F80B9A2B7DFF9B0061B328 /* UseCases */,
				564BBF602B76302B00B53A66 /* Coordinator */,
				564BBF5C2B762F0500B53A66 /* DateNotificationVC.swift */,
				564BBF5E2B762F1300B53A66 /* DateNotificationVM.swift */,
			);
			path = CreateDateNotification;
			sourceTree = "<group>";
		};
		564BBF5A2B762E7B00B53A66 /* CreateTimerNotification */ = {
			isa = PBXGroup;
			children = (
				564BBF722B76384400B53A66 /* Coordinator */,
				564BBF6E2B7636E600B53A66 /* TimerNotificationVC.swift */,
				564BBF702B76378000B53A66 /* TimerNotificationVM.swift */,
			);
			path = CreateTimerNotification;
			sourceTree = "<group>";
		};
		564BBF5B2B762E8C00B53A66 /* CreateLocationNotification */ = {
			isa = PBXGroup;
			children = (
				564BBF692B76339000B53A66 /* Coordinator */,
				564BBF652B76337D00B53A66 /* LocationNotificationVC.swift */,
				564BBF672B76338A00B53A66 /* LocationNotificationVM.swift */,
			);
			path = CreateLocationNotification;
			sourceTree = "<group>";
		};
		564BBF602B76302B00B53A66 /* Coordinator */ = {
			isa = PBXGroup;
			children = (
				564BBF632B7630D200B53A66 /* DateNotificationAssembler.swift */,
				564BBF612B76304600B53A66 /* DateNotificationCoordinator.swift */,
			);
			path = Coordinator;
			sourceTree = "<group>";
		};
		564BBF692B76339000B53A66 /* Coordinator */ = {
			isa = PBXGroup;
			children = (
				564BBF6A2B7633A600B53A66 /* LocationNotificationAssembler.swift */,
				564BBF6C2B7633B000B53A66 /* LocationNotificationCoordinator.swift */,
			);
			path = Coordinator;
			sourceTree = "<group>";
		};
		564BBF722B76384400B53A66 /* Coordinator */ = {
			isa = PBXGroup;
			children = (
				564BBF752B76386300B53A66 /* TimerNotificationAssembler.swift */,
				564BBF732B76385300B53A66 /* TimerNotificationCoordinator.swift */,
			);
			path = Coordinator;
			sourceTree = "<group>";
		};
		565DB0D52AFCC69A00625F7C /* Localizations */ = {
			isa = PBXGroup;
			children = (
				565DB0D62AFCC6C300625F7C /* Localization+Auth.swift */,
				563A582B2B20AB6C00B8AFAF /* Localization+AlertBuilder.swift */,
				56D733FB2B1712DF0025283C /* Localization+Onboarding.swift */,
				56D7EAF52B29814000F72D2D /* Localization+Home.swift */,
				56D7EAF72B29817200F72D2D /* Localization+Profile.swift */,
				562A72362B750E2F00755314 /* Localozation+MainTabBar.swift */,
				564BBF772B765CC700B53A66 /* Localozation+DateNotification.swift */,
			);
			path = Localizations;
			sourceTree = "<group>";
		};
		565E7E3F2B0D129100590556 /* Coordinator */ = {
			isa = PBXGroup;
			children = (
				565E7E402B0D129C00590556 /* Coordinator.swift */,
			);
			path = Coordinator;
			sourceTree = "<group>";
		};
		565E7E422B0D1B6000590556 /* Coordinator */ = {
			isa = PBXGroup;
			children = (
				565E7E432B0D1B6E00590556 /* LoginCoordinator.swift */,
				563BF7202AFE97F400150C98 /* LoginAssembler.swift */,
			);
			path = Coordinator;
			sourceTree = "<group>";
		};
		565E7E452B0D24AB00590556 /* Coordinator */ = {
			isa = PBXGroup;
			children = (
				565E7E462B0D24C000590556 /* RegisterCoordinator.swift */,
				560F244F2B03E0B500226BAD /* RegisterAssembler.swift */,
			);
			path = Coordinator;
			sourceTree = "<group>";
		};
		566730E22B1F95B50085D83F /* AuthService */ = {
			isa = PBXGroup;
			children = (
				566730E32B1F95DD0085D83F /* AuthService.swift */,
			);
			path = AuthService;
			sourceTree = "<group>";
		};
		566730E52B1F98D00085D83F /* AlertService */ = {
			isa = PBXGroup;
			children = (
				56D7EAE42B28C1DB00F72D2D /* AlertService.swift */,
			);
			path = AlertService;
			sourceTree = "<group>";
		};
		5673B3AF2B56E0BB004ABFDA /* Container */ = {
			isa = PBXGroup;
			children = (
				5673B3B02B56E0CA004ABFDA /* Container.swift */,
				5673B3B22B56E544004ABFDA /* ContainerRegistrator.swift */,
			);
			path = Container;
			sourceTree = "<group>";
		};
		5673B3B42B56EFE5004ABFDA /* WindowManager */ = {
			isa = PBXGroup;
			children = (
				5673B3B52B56EFF8004ABFDA /* WindowManager.swift */,
			);
			path = WindowManager;
			sourceTree = "<group>";
		};
		568AE0B62B109361002C83E0 /* Coordinator */ = {
			isa = PBXGroup;
			children = (
				568AE0B72B109377002C83E0 /* ResetPasswordCoordinator.swift */,
				560F245F2B052F4400226BAD /* ResetPasswordAssambler.swift */,
			);
			path = Coordinator;
			sourceTree = "<group>";
		};
		56BFC97F2B695AC400B47FE2 /* Storage */ = {
			isa = PBXGroup;
			children = (
				56197ECE2B73F5ED00414DD4 /* FRC */,
				56BFC9A32B696DE600B47FE2 /* Consts */,
				56BFC99D2B69673D00B47FE2 /* CoreData */,
				56BFC98C2B695C3B00B47FE2 /* DataStorage */,
				56BFC9902B695E8400B47FE2 /* Models */,
				56BFC9802B695AC400B47FE2 /* Storage.h */,
				56BFC9A02B69688D00B47FE2 /* Storages */,
			);
			path = Storage;
			sourceTree = "<group>";
		};
		56BFC98C2B695C3B00B47FE2 /* DataStorage */ = {
			isa = PBXGroup;
			children = (
				56BFC98D2B695C7F00B47FE2 /* NotificationDataBase.xcdatamodeld */,
			);
			path = DataStorage;
			sourceTree = "<group>";
		};
		56BFC9902B695E8400B47FE2 /* Models */ = {
			isa = PBXGroup;
			children = (
				56197EC92B73E32200414DD4 /* Protocols */,
				56BFC99A2B69642B00B47FE2 /* DTOs */,
				56BFC9912B695E9000B47FE2 /* ManagedObjects */,
			);
			path = Models;
			sourceTree = "<group>";
		};
		56BFC9912B695E9000B47FE2 /* ManagedObjects */ = {
			isa = PBXGroup;
			children = (
				56BFC9942B695F0200B47FE2 /* BaseNotificationMO+CoreDataClass.swift */,
				56BFC9952B695F0200B47FE2 /* BaseNotificationMO+CoreDataProperties.swift */,
				56BFC9922B695F0200B47FE2 /* DateNotificationMO+CoreDataClass.swift */,
				56BFC9932B695F0200B47FE2 /* DateNotificationMO+CoreDataProperties.swift */,
				562E66FE2B6BD34100F90EC0 /* LocationNotificationMO+CoreDataClass.swift */,
				562E66FF2B6BD34100F90EC0 /* LocationNotificationMO+CoreDataProperties.swift */,
				562E66FC2B6BD34100F90EC0 /* TimerNotificationMO+CoreDataClass.swift */,
				562E66FD2B6BD34100F90EC0 /* TimerNotificationMO+CoreDataProperties.swift */,
			);
			path = ManagedObjects;
			sourceTree = "<group>";
		};
		56BFC99A2B69642B00B47FE2 /* DTOs */ = {
			isa = PBXGroup;
			children = (
				56BFC99B2B69645100B47FE2 /* DateNotificationDTO.swift */,
				562E67062B6BD40800F90EC0 /* LocationNotificationDTO.swift */,
				562E67042B6BD3FD00F90EC0 /* TimerNotificationDTO.swift */,
			);
			path = DTOs;
			sourceTree = "<group>";
		};
		56BFC99D2B69673D00B47FE2 /* CoreData */ = {
			isa = PBXGroup;
			children = (
				56BFC99E2B69675B00B47FE2 /* CoreDataService.swift */,
			);
			path = CoreData;
			sourceTree = "<group>";
		};
		56BFC9A02B69688D00B47FE2 /* Storages */ = {
			isa = PBXGroup;
			children = (
				56BFC9A12B6968B100B47FE2 /* DateNotificationStorage.swift */,
				562E670A2B6BE18900F90EC0 /* LocationNotificationStorage.swift */,
				562E670C2B6BE19200F90EC0 /* TimerNotificationStorage.swift */,
				56197ECC2B73E41200414DD4 /* NotificationStorage.swift */,
			);
			path = Storages;
			sourceTree = "<group>";
		};
		56BFC9A32B696DE600B47FE2 /* Consts */ = {
			isa = PBXGroup;
			children = (
				56BFC9A42B696E0A00B47FE2 /* NSPredicate+Const.swift */,
			);
			path = Consts;
			sourceTree = "<group>";
		};
		56D11F362B601CA90013FE32 /* Adapter */ = {
			isa = PBXGroup;
			children = (
				56D11F3B2B602BDC0013FE32 /* Headers */,
				56D11F3A2B602BC60013FE32 /* Cells */,
				56D11F372B601CC00013FE32 /* Sections */,
				56D11F3C2B602CD30013FE32 /* ProfileAdapter.swift */,
			);
			path = Adapter;
			sourceTree = "<group>";
		};
		56D11F372B601CC00013FE32 /* Sections */ = {
			isa = PBXGroup;
			children = (
				56D11F382B601CDC0013FE32 /* ProfileSections.swift */,
			);
			path = Sections;
			sourceTree = "<group>";
		};
		56D11F3A2B602BC60013FE32 /* Cells */ = {
			isa = PBXGroup;
			children = (
				56741D562B342878005C43A8 /* ProfileAccountCell.swift */,
				56741D592B3447F2005C43A8 /* ProfileSettingsCell.swift */,
			);
			path = Cells;
			sourceTree = "<group>";
		};
		56D11F3B2B602BDC0013FE32 /* Headers */ = {
			isa = PBXGroup;
			children = (
				56741D542B3413AD005C43A8 /* ProfileTableViewHeader.swift */,
			);
			path = Headers;
			sourceTree = "<group>";
		};
		56D733E32B164B450025283C /* ParametersHelper */ = {
			isa = PBXGroup;
			children = (
				56D733E42B164B620025283C /* ParametersHelper.swift */,
			);
			path = ParametersHelper;
			sourceTree = "<group>";
		};
		56D733E62B1654120025283C /* Onboarding */ = {
			isa = PBXGroup;
			children = (
				56D733E72B1654360025283C /* OnboardFirstStep */,
				56D733F12B165AA00025283C /* OnboardSecondStep */,
			);
			path = Onboarding;
			sourceTree = "<group>";
		};
		56D733E72B1654360025283C /* OnboardFirstStep */ = {
			isa = PBXGroup;
			children = (
				56D733E82B1654510025283C /* Coordinator */,
				56D733E92B16547B0025283C /* ObnoardFirstStepVC.swift */,
				56D733EB2B1656760025283C /* OnboardFirstStepVM.swift */,
			);
			path = OnboardFirstStep;
			sourceTree = "<group>";
		};
		56D733E82B1654510025283C /* Coordinator */ = {
			isa = PBXGroup;
			children = (
				56D733ED2B16572A0025283C /* OnboardFirstStepAssembler.swift */,
				56D733EF2B1657D60025283C /* OnboardFirstStepCoordinator.swift */,
			);
			path = Coordinator;
			sourceTree = "<group>";
		};
		56D733F12B165AA00025283C /* OnboardSecondStep */ = {
			isa = PBXGroup;
			children = (
				56D733F62B165D6E0025283C /* Coordinator */,
				56D733F22B165AE30025283C /* OnboardSecondStepVC.swift */,
				56D733F42B165C9E0025283C /* OnboardSecondStepVM.swift */,
			);
			path = OnboardSecondStep;
			sourceTree = "<group>";
		};
		56D733F62B165D6E0025283C /* Coordinator */ = {
			isa = PBXGroup;
			children = (
				56D733F72B165D860025283C /* OnboardSecondStepAssembler.swift */,
				56D733F92B165E440025283C /* OnboardSecondStepCoordinator.swift */,
			);
			path = Coordinator;
			sourceTree = "<group>";
		};
		56D734022B1799140025283C /* TabBar */ = {
			isa = PBXGroup;
			children = (
				56D7EAE82B28D0A200F72D2D /* Coordinator */,
				56D734032B1799300025283C /* MainTabBarVC.swift */,
				562A72342B75091000755314 /* MainTabBarVM.swift */,
			);
			path = TabBar;
			sourceTree = "<group>";
		};
		56D7EAE82B28D0A200F72D2D /* Coordinator */ = {
			isa = PBXGroup;
			children = (
				56D7EAE92B28D10600F72D2D /* MainTabBarAssembler.swift */,
				56D7EAEB2B28D1A600F72D2D /* MainTabBarCoordinator.swift */,
			);
			path = Coordinator;
			sourceTree = "<group>";
		};
		56D7EAED2B28D2BD00F72D2D /* Home */ = {
			isa = PBXGroup;
			children = (
				56006B3E2B7E5CDC00336104 /* Adapter */,
				56D7EAEE2B28D2C800F72D2D /* Coordinator */,
				56D7EAEF2B28D2DB00F72D2D /* HomeVC.swift */,
				56D7EB032B2A090000F72D2D /* HomeVM.swift */,
			);
			path = Home;
			sourceTree = "<group>";
		};
		56D7EAEE2B28D2C800F72D2D /* Coordinator */ = {
			isa = PBXGroup;
			children = (
				56D7EAF12B28D30200F72D2D /* HomeAssembler.swift */,
				56D7EAF32B28D34200F72D2D /* HomeCoordinator.swift */,
			);
			path = Coordinator;
			sourceTree = "<group>";
		};
		56D7EAF92B29866600F72D2D /* Profile */ = {
			isa = PBXGroup;
			children = (
				56D11F362B601CA90013FE32 /* Adapter */,
				5640A3482B35C9BA0052E7D0 /* UseCases */,
				56D7EAFC2B29873300F72D2D /* Coordinator */,
				56D7EAFA2B29867300F72D2D /* ProfileVC.swift */,
				56D7EB052B2A09F100F72D2D /* ProfileVM.swift */,
			);
			path = Profile;
			sourceTree = "<group>";
		};
		56D7EAFC2B29873300F72D2D /* Coordinator */ = {
			isa = PBXGroup;
			children = (
				56D7EAFD2B29874700F72D2D /* ProfileAssembler.swift */,
				56D7EAFF2B2987A700F72D2D /* ProfileCoordinator.swift */,
			);
			path = Coordinator;
			sourceTree = "<group>";
		};
		56E67DB12AE824E900248F85 = {
			isa = PBXGroup;
			children = (
				56E67DBC2AE824E900248F85 /* NoteMe */,
				56BFC97F2B695AC400B47FE2 /* Storage */,
				56E67DBB2AE824E900248F85 /* Products */,
			);
			sourceTree = "<group>";
		};
		56E67DBB2AE824E900248F85 /* Products */ = {
			isa = PBXGroup;
			children = (
				56E67DBA2AE824E900248F85 /* NoteMe.app */,
				56BFC97E2B695AC400B47FE2 /* Storage.framework */,
			);
			name = Products;
			sourceTree = "<group>";
		};
		56E67DBC2AE824E900248F85 /* NoteMe */ = {
			isa = PBXGroup;
			children = (
				56E67DD32AE82D0A00248F85 /* App */,
				56414AE92AF16EAB00A79CDC /* Custom */,
				56E67DE02AE83D7800248F85 /* Modules */,
				56E67DD42AE82DAA00248F85 /* Resource */,
				563BF7222AFEA14700150C98 /* Services */,
				56414AE62AF1600900A79CDC /* Styles */,
				56414AE32AF15EC800A79CDC /* Utils */,
				566730D92B1F846A0085D83F /* GoogleService-Info.plist */,
			);
			path = NoteMe;
			sourceTree = "<group>";
		};
		56E67DD32AE82D0A00248F85 /* App */ = {
			isa = PBXGroup;
			children = (
				565E7E3D2B0D124600590556 /* AppCoordinator.swift */,
				56E67DBD2AE824E900248F85 /* AppDelegate.swift */,
				56E67DBF2AE824E900248F85 /* SceneDelegate.swift */,
				56E67DCB2AE824EA00248F85 /* Info.plist */,
			);
			path = App;
			sourceTree = "<group>";
		};
		56E67DD42AE82DAA00248F85 /* Resource */ = {
			isa = PBXGroup;
			children = (
				56E67DD52AE82E5300248F85 /* Constants */,
				56E67DC62AE824EA00248F85 /* Assets.xcassets */,
				56E67DC82AE824EA00248F85 /* LaunchScreen.storyboard */,
				56E67DED2AE9062500248F85 /* Localizable.strings */,
			);
			path = Resource;
			sourceTree = "<group>";
		};
		56E67DD52AE82E5300248F85 /* Constants */ = {
			isa = PBXGroup;
			children = (
				565DB0D52AFCC69A00625F7C /* Localizations */,
				56E67DD62AE82E7400248F85 /* UIColor+Consts.swift */,
				56E67DD82AE834E300248F85 /* UIFont+Consts.swift */,
				56E67DDB2AE8382800248F85 /* UIImage+Consts.swift */,
			);
			path = Constants;
			sourceTree = "<group>";
		};
		56E67DE02AE83D7800248F85 /* Modules */ = {
			isa = PBXGroup;
			children = (
				560E12152B7938F000FE0C75 /* Popover */,
				56E67DE12AE83D9B00248F85 /* Auth */,
				56D733E62B1654120025283C /* Onboarding */,
				56D734022B1799140025283C /* TabBar */,
				56D7EAED2B28D2BD00F72D2D /* Home */,
				56D7EAF92B29866600F72D2D /* Profile */,
				564BBF592B762E4B00B53A66 /* CreateDateNotification */,
				564BBF5B2B762E8C00B53A66 /* CreateLocationNotification */,
				564BBF5A2B762E7B00B53A66 /* CreateTimerNotification */,
			);
			path = Modules;
			sourceTree = "<group>";
		};
		56E67DE12AE83D9B00248F85 /* Auth */ = {
			isa = PBXGroup;
			children = (
				56E67DE22AE83DC500248F85 /* Login */,
				56414AF62AF3A46200A79CDC /* Register */,
				56414AFB2AF3B04000A79CDC /* ResetPassword */,
			);
			path = Auth;
			sourceTree = "<group>";
		};
		56E67DE22AE83DC500248F85 /* Login */ = {
			isa = PBXGroup;
			children = (
				565E7E422B0D1B6000590556 /* Coordinator */,
				563BF7262AFEA7B400150C98 /* UseCases */,
				56E67DE32AE83DE000248F85 /* LoginVC.swift */,
				563BF71E2AFE977C00150C98 /* LoginVM.swift */,
			);
			path = Login;
			sourceTree = "<group>";
		};
		56F80B9A2B7DFF9B0061B328 /* UseCases */ = {
			isa = PBXGroup;
			children = (
				56F80B9B2B7DFFB40061B328 /* DateNotification+Storage.swift */,
			);
			path = UseCases;
			sourceTree = "<group>";
		};
/* End PBXGroup section */

/* Begin PBXHeadersBuildPhase section */
		56BFC9792B695AC400B47FE2 /* Headers */ = {
			isa = PBXHeadersBuildPhase;
			buildActionMask = 2147483647;
			files = (
				56BFC9812B695AC400B47FE2 /* Storage.h in Headers */,
			);
			runOnlyForDeploymentPostprocessing = 0;
		};
/* End PBXHeadersBuildPhase section */

/* Begin PBXNativeTarget section */
		56BFC97D2B695AC400B47FE2 /* Storage */ = {
			isa = PBXNativeTarget;
			buildConfigurationList = 56BFC9862B695AC400B47FE2 /* Build configuration list for PBXNativeTarget "Storage" */;
			buildPhases = (
				56BFC9792B695AC400B47FE2 /* Headers */,
				56BFC97A2B695AC400B47FE2 /* Sources */,
				56BFC97B2B695AC400B47FE2 /* Frameworks */,
				56BFC97C2B695AC400B47FE2 /* Resources */,
			);
			buildRules = (
			);
			dependencies = (
			);
			name = Storage;
			productName = Storage;
			productReference = 56BFC97E2B695AC400B47FE2 /* Storage.framework */;
			productType = "com.apple.product-type.framework";
		};
		56E67DB92AE824E900248F85 /* NoteMe */ = {
			isa = PBXNativeTarget;
			buildConfigurationList = 56E67DCE2AE824EA00248F85 /* Build configuration list for PBXNativeTarget "NoteMe" */;
			buildPhases = (
				56E67DB62AE824E900248F85 /* Sources */,
				56E67DB72AE824E900248F85 /* Frameworks */,
				56E67DB82AE824E900248F85 /* Resources */,
				56BFC9892B695AC400B47FE2 /* Embed Frameworks */,
			);
			buildRules = (
			);
			dependencies = (
				56BFC9832B695AC400B47FE2 /* PBXTargetDependency */,
			);
			name = NoteMe;
			packageProductDependencies = (
				56E67DDE2AE83AF400248F85 /* SnapKit */,
				566730DC2B1F87F80085D83F /* FirebaseAnalytics */,
				566730DE2B1F87F80085D83F /* FirebaseAuth */,
				566730E02B1F87F80085D83F /* FirebaseCrashlytics */,
			);
			productName = NoteMe;
			productReference = 56E67DBA2AE824E900248F85 /* NoteMe.app */;
			productType = "com.apple.product-type.application";
		};
/* End PBXNativeTarget section */

/* Begin PBXProject section */
		56E67DB22AE824E900248F85 /* Project object */ = {
			isa = PBXProject;
			attributes = {
				BuildIndependentTargetsInParallel = 1;
				LastSwiftUpdateCheck = 1430;
				LastUpgradeCheck = 1520;
				TargetAttributes = {
					56BFC97D2B695AC400B47FE2 = {
						CreatedOnToolsVersion = 15.2;
						LastSwiftMigration = 1520;
					};
					56E67DB92AE824E900248F85 = {
						CreatedOnToolsVersion = 14.3.1;
					};
				};
			};
			buildConfigurationList = 56E67DB52AE824E900248F85 /* Build configuration list for PBXProject "NoteMe" */;
			compatibilityVersion = "Xcode 14.0";
			developmentRegion = en;
			hasScannedForEncodings = 0;
			knownRegions = (
				en,
				Base,
				ru,
			);
			mainGroup = 56E67DB12AE824E900248F85;
			packageReferences = (
				56E67DDD2AE83AF400248F85 /* XCRemoteSwiftPackageReference "SnapKit" */,
				566730DB2B1F87F80085D83F /* XCRemoteSwiftPackageReference "firebase-ios-sdk" */,
			);
			productRefGroup = 56E67DBB2AE824E900248F85 /* Products */;
			projectDirPath = "";
			projectRoot = "";
			targets = (
				56E67DB92AE824E900248F85 /* NoteMe */,
				56BFC97D2B695AC400B47FE2 /* Storage */,
			);
		};
/* End PBXProject section */

/* Begin PBXResourcesBuildPhase section */
		56BFC97C2B695AC400B47FE2 /* Resources */ = {
			isa = PBXResourcesBuildPhase;
			buildActionMask = 2147483647;
			files = (
			);
			runOnlyForDeploymentPostprocessing = 0;
		};
		56E67DB82AE824E900248F85 /* Resources */ = {
			isa = PBXResourcesBuildPhase;
			buildActionMask = 2147483647;
			files = (
				56E67DCA2AE824EA00248F85 /* LaunchScreen.storyboard in Resources */,
				566730DA2B1F846A0085D83F /* GoogleService-Info.plist in Resources */,
				56E67DEB2AE9062500248F85 /* Localizable.strings in Resources */,
				56E67DC72AE824EA00248F85 /* Assets.xcassets in Resources */,
			);
			runOnlyForDeploymentPostprocessing = 0;
		};
/* End PBXResourcesBuildPhase section */

/* Begin PBXSourcesBuildPhase section */
		56BFC97A2B695AC400B47FE2 /* Sources */ = {
			isa = PBXSourcesBuildPhase;
			buildActionMask = 2147483647;
			files = (
				56BFC99F2B69675B00B47FE2 /* CoreDataService.swift in Sources */,
				56BFC99C2B69645100B47FE2 /* DateNotificationDTO.swift in Sources */,
				562E67052B6BD3FD00F90EC0 /* TimerNotificationDTO.swift in Sources */,
				562E670B2B6BE18900F90EC0 /* LocationNotificationStorage.swift in Sources */,
				56197ECD2B73E41200414DD4 /* NotificationStorage.swift in Sources */,
				562E67002B6BD34100F90EC0 /* TimerNotificationMO+CoreDataClass.swift in Sources */,
				562E67072B6BD40800F90EC0 /* LocationNotificationDTO.swift in Sources */,
				56197ECB2B73E35000414DD4 /* DTODescription.swift in Sources */,
				562E670D2B6BE19200F90EC0 /* TimerNotificationStorage.swift in Sources */,
				562E67012B6BD34100F90EC0 /* TimerNotificationMO+CoreDataProperties.swift in Sources */,
				56BFC9A22B6968B100B47FE2 /* DateNotificationStorage.swift in Sources */,
				56BFC9962B695F0200B47FE2 /* DateNotificationMO+CoreDataClass.swift in Sources */,
				56BFC9972B695F0200B47FE2 /* DateNotificationMO+CoreDataProperties.swift in Sources */,
				562E67032B6BD34100F90EC0 /* LocationNotificationMO+CoreDataProperties.swift in Sources */,
				56BFC9A52B696E0A00B47FE2 /* NSPredicate+Const.swift in Sources */,
				56BFC9992B695F0200B47FE2 /* BaseNotificationMO+CoreDataProperties.swift in Sources */,
				562E67022B6BD34100F90EC0 /* LocationNotificationMO+CoreDataClass.swift in Sources */,
				56BFC98F2B695C7F00B47FE2 /* NotificationDataBase.xcdatamodeld in Sources */,
				56BFC9982B695F0200B47FE2 /* BaseNotificationMO+CoreDataClass.swift in Sources */,
				56197ED02B73F5FA00414DD4 /* FRCService.swift in Sources */,
			);
			runOnlyForDeploymentPostprocessing = 0;
		};
		56E67DB62AE824E900248F85 /* Sources */ = {
			isa = PBXSourcesBuildPhase;
			buildActionMask = 2147483647;
			files = (
				56414AE82AF1602B00A79CDC /* UIButton+Styles.swift in Sources */,
				563BF71D2AFE942D00150C98 /* UIButton+Actions.swift in Sources */,
				5640A34A2B35C9D00052E7D0 /* AuthService+Profile.swift in Sources */,
				565E7E412B0D129C00590556 /* Coordinator.swift in Sources */,
				56BFC9782B69563E00B47FE2 /* Collection+Register.swift in Sources */,
				562A72352B75091000755314 /* MainTabBarVM.swift in Sources */,
				56E67DDC2AE8382800248F85 /* UIImage+Consts.swift in Sources */,
				56D7EAFE2B29874700F72D2D /* ProfileAssembler.swift in Sources */,
				5673B3B62B56EFF8004ABFDA /* WindowManager.swift in Sources */,
				56CD845E2B2631FB00DBBA2B /* AttributedString+parse.swift in Sources */,
				560F24572B04B16B00226BAD /* AnimatorService.swift in Sources */,
				560F24652B05351600226BAD /* InputValidator+ResetPassword.swift in Sources */,
				564BBF662B76337D00B53A66 /* LocationNotificationVC.swift in Sources */,
				56D733FA2B165E440025283C /* OnboardSecondStepCoordinator.swift in Sources */,
				560E12172B79390D00FE0C75 /* PopoverVC.swift in Sources */,
				563BF71F2AFE977C00150C98 /* LoginVM.swift in Sources */,
				56D7EAF02B28D2DB00F72D2D /* HomeVC.swift in Sources */,
				563BF7252AFEA1B600150C98 /* InputValidator.swift in Sources */,
				564BBF622B76304600B53A66 /* DateNotificationCoordinator.swift in Sources */,
				56D7EAE52B28C1DB00F72D2D /* AlertService.swift in Sources */,
				56E67DD92AE834E300248F85 /* UIFont+Consts.swift in Sources */,
				56D733F82B165D860025283C /* OnboardSecondStepAssembler.swift in Sources */,
				560F24632B05319200226BAD /* AuthService+ResetPassword.swift in Sources */,
				56D7EB002B2987A700F72D2D /* ProfileCoordinator.swift in Sources */,
				566730E42B1F95DD0085D83F /* AuthService.swift in Sources */,
				56414AEB2AF16EC200A79CDC /* LineTextField.swift in Sources */,
				56E67DF12AE906F900248F85 /* String+localized.swift in Sources */,
				564BBF762B76386300B53A66 /* TimerNotificationAssembler.swift in Sources */,
				560F246F2B05EEC800226BAD /* KeyboardHelper+ResetPassword.swift in Sources */,
				56D733F02B1657D60025283C /* OnboardFirstStepCoordinator.swift in Sources */,
				56E67DE42AE83DE000248F85 /* LoginVC.swift in Sources */,
				56741D5A2B3447F2005C43A8 /* ProfileSettingsCell.swift in Sources */,
				56302FCF2B36BCF60051E331 /* AlertService+Profile.swift in Sources */,
				56414AF32AF29D4900A79CDC /* UILabel+Styles.swift in Sources */,
				564BBF6D2B7633B000B53A66 /* LocationNotificationCoordinator.swift in Sources */,
				56006B402B7E5CF700336104 /* DateCell.swift in Sources */,
				56D733EC2B1656760025283C /* OnboardFirstStepVM.swift in Sources */,
				56D733EA2B16547B0025283C /* ObnoardFirstStepVC.swift in Sources */,
				564BBF6F2B7636E600B53A66 /* TimerNotificationVC.swift in Sources */,
				56D7EAFB2B29867300F72D2D /* ProfileVC.swift in Sources */,
				560F246D2B05ED0900226BAD /* KeyboardHelper+Register.swift in Sources */,
				560E121B2B7942EA00FE0C75 /* PopoverRow.swift in Sources */,
				560F24712B05F4E300226BAD /* KeyboardHelper+Login.swift in Sources */,
				560F245E2B052E6F00226BAD /* ResetPasswordVM.swift in Sources */,
				565DB0D72AFCC6C300625F7C /* Localization+Auth.swift in Sources */,
				56414AFD2AF3B05B00A79CDC /* ResetPasswordVC.swift in Sources */,
				565E7E472B0D24C000590556 /* RegisterCoordinator.swift in Sources */,
				56414AF82AF3A47700A79CDC /* RegisterVC.swift in Sources */,
				56F80B9C2B7DFFB40061B328 /* DateNotification+Storage.swift in Sources */,
				56D7EAEC2B28D1A600F72D2D /* MainTabBarCoordinator.swift in Sources */,
				5615B69C2AEF922D007CA590 /* AppDatePickerView.swift in Sources */,
				56D7EB042B2A090000F72D2D /* HomeVM.swift in Sources */,
				564BBF5F2B762F1300B53A66 /* DateNotificationVM.swift in Sources */,
				56741D572B342878005C43A8 /* ProfileAccountCell.swift in Sources */,
				565E7E442B0D1B6E00590556 /* LoginCoordinator.swift in Sources */,
				562A72372B750E2F00755314 /* Localozation+MainTabBar.swift in Sources */,
				56E67DBE2AE824E900248F85 /* AppDelegate.swift in Sources */,
				564BBF642B7630D200B53A66 /* DateNotificationAssembler.swift in Sources */,
				564BBF6B2B7633A600B53A66 /* LocationNotificationAssembler.swift in Sources */,
				56D11F392B601CDC0013FE32 /* ProfileSections.swift in Sources */,
				560F246B2B0539FF00226BAD /* AuthService+Login.swift in Sources */,
				568AE0B82B109377002C83E0 /* ResetPasswordCoordinator.swift in Sources */,
				56D11F3D2B602CD30013FE32 /* ProfileAdapter.swift in Sources */,
				56E5DF0A2B77C74D007F8FB6 /* CommentTextView.swift in Sources */,
				560E12192B79397600FE0C75 /* PopoverCell.swift in Sources */,
				56D7EAF62B29814000F72D2D /* Localization+Home.swift in Sources */,
				564BBF742B76385300B53A66 /* TimerNotificationCoordinator.swift in Sources */,
				563BF7212AFE97F400150C98 /* LoginAssembler.swift in Sources */,
				56D7EAE72B28C95200F72D2D /* AlertService+Login.swift in Sources */,
				56E67DD72AE82E7400248F85 /* UIColor+Consts.swift in Sources */,
				564BBF782B765CC700B53A66 /* Localozation+DateNotification.swift in Sources */,
				56D733F52B165C9E0025283C /* OnboardSecondStepVM.swift in Sources */,
				56C3CAF02B7D46D1003841AE /* HomeAdapter.swift in Sources */,
				565E7E492B0F665F00590556 /* AnimatorService+Login.swift in Sources */,
				560F24532B03E52C00226BAD /* KeyboardHelper.swift in Sources */,
				560F244E2B03DB8700226BAD /* RegisterPresenter.swift in Sources */,
				565E7E4D2B0F6A7B00590556 /* Animator+ResetPassword.swift in Sources */,
				56D7EAEA2B28D10600F72D2D /* MainTabBarAssembler.swift in Sources */,
				563A582C2B20AB6C00B8AFAF /* Localization+AlertBuilder.swift in Sources */,
				560F24602B052F4400226BAD /* ResetPasswordAssambler.swift in Sources */,
				56414AE52AF15EE400A79CDC /* View+Layer.swift in Sources */,
				56D7EAF82B29817200F72D2D /* Localization+Profile.swift in Sources */,
				5673B3B32B56E544004ABFDA /* ContainerRegistrator.swift in Sources */,
				56741D552B3413AD005C43A8 /* ProfileTableViewHeader.swift in Sources */,
				56D733E52B164B620025283C /* ParametersHelper.swift in Sources */,
				56414AFA2AF3AB3100A79CDC /* UIViewController+EndEditing.swift in Sources */,
				560F245A2B04E44E00226BAD /* AuthService+Register.swift in Sources */,
				56D7EB062B2A09F100F72D2D /* ProfileVM.swift in Sources */,
				56D733F32B165AE30025283C /* OnboardSecondStepVC.swift in Sources */,
				563BF7282AFEA81300150C98 /* InputValidator+Login.swift in Sources */,
				560F24502B03E0B500226BAD /* RegisterAssembler.swift in Sources */,
				565E7E3E2B0D124600590556 /* AppCoordinator.swift in Sources */,
				5673B3B12B56E0CA004ABFDA /* Container.swift in Sources */,
				560F245C2B04F74200226BAD /* InputValidator+Register.swift in Sources */,
				565E7E4B2B0F69D100590556 /* Animator+Register.swift in Sources */,
				564BBF682B76338A00B53A66 /* LocationNotificationVM.swift in Sources */,
				56D733EE2B16572A0025283C /* OnboardFirstStepAssembler.swift in Sources */,
				56414AF12AF29BAA00A79CDC /* UIView+Styles.swift in Sources */,
				56D7EB022B298DC600F72D2D /* AlertService+ResetPassword.swift in Sources */,
				56D7EAF22B28D30200F72D2D /* HomeAssembler.swift in Sources */,
				56D734042B1799300025283C /* MainTabBarVC.swift in Sources */,
				56E67DC02AE824E900248F85 /* SceneDelegate.swift in Sources */,
				56D733FC2B1712DF0025283C /* Localization+Onboarding.swift in Sources */,
				564BBF5D2B762F0500B53A66 /* DateNotificationVC.swift in Sources */,
				56D7EAF42B28D34200F72D2D /* HomeCoordinator.swift in Sources */,
				564BBF712B76378000B53A66 /* TimerNotificationVM.swift in Sources */,
			);
			runOnlyForDeploymentPostprocessing = 0;
		};
/* End PBXSourcesBuildPhase section */

/* Begin PBXTargetDependency section */
		56BFC9832B695AC400B47FE2 /* PBXTargetDependency */ = {
			isa = PBXTargetDependency;
			target = 56BFC97D2B695AC400B47FE2 /* Storage */;
			targetProxy = 56BFC9822B695AC400B47FE2 /* PBXContainerItemProxy */;
		};
/* End PBXTargetDependency section */

/* Begin PBXVariantGroup section */
		56E67DC82AE824EA00248F85 /* LaunchScreen.storyboard */ = {
			isa = PBXVariantGroup;
			children = (
				56E67DC92AE824EA00248F85 /* Base */,
			);
			name = LaunchScreen.storyboard;
			sourceTree = "<group>";
		};
		56E67DED2AE9062500248F85 /* Localizable.strings */ = {
			isa = PBXVariantGroup;
			children = (
				56E67DEC2AE9062500248F85 /* en */,
				56E67DEE2AE9065300248F85 /* ru */,
			);
			name = Localizable.strings;
			sourceTree = "<group>";
		};
/* End PBXVariantGroup section */

/* Begin XCBuildConfiguration section */
		56BFC9872B695AC400B47FE2 /* Debug */ = {
			isa = XCBuildConfiguration;
			buildSettings = {
				ASSETCATALOG_COMPILER_GENERATE_SWIFT_ASSET_SYMBOL_EXTENSIONS = YES;
				CLANG_ENABLE_MODULES = YES;
				CODE_SIGN_STYLE = Automatic;
				CURRENT_PROJECT_VERSION = 1;
				DEFINES_MODULE = YES;
				DEVELOPMENT_TEAM = CK7G8B5AC6;
				DYLIB_COMPATIBILITY_VERSION = 1;
				DYLIB_CURRENT_VERSION = 1;
				DYLIB_INSTALL_NAME_BASE = "@rpath";
				ENABLE_MODULE_VERIFIER = YES;
				GCC_C_LANGUAGE_STANDARD = gnu17;
				GENERATE_INFOPLIST_FILE = YES;
				INFOPLIST_KEY_NSHumanReadableCopyright = "";
				INSTALL_PATH = "$(LOCAL_LIBRARY_DIR)/Frameworks";
				IPHONEOS_DEPLOYMENT_TARGET = 14.0;
				LD_RUNPATH_SEARCH_PATHS = (
					"$(inherited)",
					"@executable_path/Frameworks",
					"@loader_path/Frameworks",
				);
				LOCALIZATION_PREFERS_STRING_CATALOGS = YES;
				MARKETING_VERSION = 1.0;
				MODULE_VERIFIER_SUPPORTED_LANGUAGES = "objective-c objective-c++";
				MODULE_VERIFIER_SUPPORTED_LANGUAGE_STANDARDS = "gnu17 gnu++20";
				PRODUCT_BUNDLE_IDENTIFIER = d.o.kononov.Storage;
				PRODUCT_NAME = "$(TARGET_NAME:c99extidentifier)";
				SKIP_INSTALL = YES;
				SWIFT_ACTIVE_COMPILATION_CONDITIONS = "DEBUG $(inherited)";
				SWIFT_EMIT_LOC_STRINGS = YES;
				SWIFT_OPTIMIZATION_LEVEL = "-Onone";
				SWIFT_VERSION = 5.0;
				TARGETED_DEVICE_FAMILY = "1,2";
				VERSIONING_SYSTEM = "apple-generic";
				VERSION_INFO_PREFIX = "";
			};
			name = Debug;
		};
		56BFC9882B695AC400B47FE2 /* Release */ = {
			isa = XCBuildConfiguration;
			buildSettings = {
				ASSETCATALOG_COMPILER_GENERATE_SWIFT_ASSET_SYMBOL_EXTENSIONS = YES;
				CLANG_ENABLE_MODULES = YES;
				CODE_SIGN_STYLE = Automatic;
				CURRENT_PROJECT_VERSION = 1;
				DEFINES_MODULE = YES;
				DEVELOPMENT_TEAM = CK7G8B5AC6;
				DYLIB_COMPATIBILITY_VERSION = 1;
				DYLIB_CURRENT_VERSION = 1;
				DYLIB_INSTALL_NAME_BASE = "@rpath";
				ENABLE_MODULE_VERIFIER = YES;
				GCC_C_LANGUAGE_STANDARD = gnu17;
				GENERATE_INFOPLIST_FILE = YES;
				INFOPLIST_KEY_NSHumanReadableCopyright = "";
				INSTALL_PATH = "$(LOCAL_LIBRARY_DIR)/Frameworks";
				IPHONEOS_DEPLOYMENT_TARGET = 14.0;
				LD_RUNPATH_SEARCH_PATHS = (
					"$(inherited)",
					"@executable_path/Frameworks",
					"@loader_path/Frameworks",
				);
				LOCALIZATION_PREFERS_STRING_CATALOGS = YES;
				MARKETING_VERSION = 1.0;
				MODULE_VERIFIER_SUPPORTED_LANGUAGES = "objective-c objective-c++";
				MODULE_VERIFIER_SUPPORTED_LANGUAGE_STANDARDS = "gnu17 gnu++20";
				PRODUCT_BUNDLE_IDENTIFIER = d.o.kononov.Storage;
				PRODUCT_NAME = "$(TARGET_NAME:c99extidentifier)";
				SKIP_INSTALL = YES;
				SWIFT_EMIT_LOC_STRINGS = YES;
				SWIFT_VERSION = 5.0;
				TARGETED_DEVICE_FAMILY = "1,2";
				VERSIONING_SYSTEM = "apple-generic";
				VERSION_INFO_PREFIX = "";
			};
			name = Release;
		};
		56E67DCC2AE824EA00248F85 /* Debug */ = {
			isa = XCBuildConfiguration;
			buildSettings = {
				ALWAYS_SEARCH_USER_PATHS = NO;
				CLANG_ANALYZER_LOCALIZABILITY_NONLOCALIZED = YES;
				CLANG_ANALYZER_NONNULL = YES;
				CLANG_ANALYZER_NUMBER_OBJECT_CONVERSION = YES_AGGRESSIVE;
				CLANG_CXX_LANGUAGE_STANDARD = "gnu++20";
				CLANG_ENABLE_MODULES = YES;
				CLANG_ENABLE_OBJC_ARC = YES;
				CLANG_ENABLE_OBJC_WEAK = YES;
				CLANG_WARN_BLOCK_CAPTURE_AUTORELEASING = YES;
				CLANG_WARN_BOOL_CONVERSION = YES;
				CLANG_WARN_COMMA = YES;
				CLANG_WARN_CONSTANT_CONVERSION = YES;
				CLANG_WARN_DEPRECATED_OBJC_IMPLEMENTATIONS = YES;
				CLANG_WARN_DIRECT_OBJC_ISA_USAGE = YES_ERROR;
				CLANG_WARN_DOCUMENTATION_COMMENTS = YES;
				CLANG_WARN_EMPTY_BODY = YES;
				CLANG_WARN_ENUM_CONVERSION = YES;
				CLANG_WARN_INFINITE_RECURSION = YES;
				CLANG_WARN_INT_CONVERSION = YES;
				CLANG_WARN_NON_LITERAL_NULL_CONVERSION = YES;
				CLANG_WARN_OBJC_IMPLICIT_RETAIN_SELF = YES;
				CLANG_WARN_OBJC_LITERAL_CONVERSION = YES;
				CLANG_WARN_OBJC_ROOT_CLASS = YES_ERROR;
				CLANG_WARN_QUOTED_INCLUDE_IN_FRAMEWORK_HEADER = YES;
				CLANG_WARN_RANGE_LOOP_ANALYSIS = YES;
				CLANG_WARN_STRICT_PROTOTYPES = YES;
				CLANG_WARN_SUSPICIOUS_MOVE = YES;
				CLANG_WARN_UNGUARDED_AVAILABILITY = YES_AGGRESSIVE;
				CLANG_WARN_UNREACHABLE_CODE = YES;
				CLANG_WARN__DUPLICATE_METHOD_MATCH = YES;
				COPY_PHASE_STRIP = NO;
				DEBUG_INFORMATION_FORMAT = dwarf;
				ENABLE_STRICT_OBJC_MSGSEND = YES;
				ENABLE_TESTABILITY = YES;
				ENABLE_USER_SCRIPT_SANDBOXING = YES;
				GCC_C_LANGUAGE_STANDARD = gnu11;
				GCC_DYNAMIC_NO_PIC = NO;
				GCC_NO_COMMON_BLOCKS = YES;
				GCC_OPTIMIZATION_LEVEL = 0;
				GCC_PREPROCESSOR_DEFINITIONS = (
					"DEBUG=1",
					"$(inherited)",
				);
				GCC_WARN_64_TO_32_BIT_CONVERSION = YES;
				GCC_WARN_ABOUT_RETURN_TYPE = YES_ERROR;
				GCC_WARN_UNDECLARED_SELECTOR = YES;
				GCC_WARN_UNINITIALIZED_AUTOS = YES_AGGRESSIVE;
				GCC_WARN_UNUSED_FUNCTION = YES;
				GCC_WARN_UNUSED_VARIABLE = YES;
				IPHONEOS_DEPLOYMENT_TARGET = 16.4;
				MTL_ENABLE_DEBUG_INFO = INCLUDE_SOURCE;
				MTL_FAST_MATH = YES;
				ONLY_ACTIVE_ARCH = YES;
				SDKROOT = iphoneos;
				SWIFT_ACTIVE_COMPILATION_CONDITIONS = DEBUG;
				SWIFT_OPTIMIZATION_LEVEL = "-Onone";
			};
			name = Debug;
		};
		56E67DCD2AE824EA00248F85 /* Release */ = {
			isa = XCBuildConfiguration;
			buildSettings = {
				ALWAYS_SEARCH_USER_PATHS = NO;
				CLANG_ANALYZER_LOCALIZABILITY_NONLOCALIZED = YES;
				CLANG_ANALYZER_NONNULL = YES;
				CLANG_ANALYZER_NUMBER_OBJECT_CONVERSION = YES_AGGRESSIVE;
				CLANG_CXX_LANGUAGE_STANDARD = "gnu++20";
				CLANG_ENABLE_MODULES = YES;
				CLANG_ENABLE_OBJC_ARC = YES;
				CLANG_ENABLE_OBJC_WEAK = YES;
				CLANG_WARN_BLOCK_CAPTURE_AUTORELEASING = YES;
				CLANG_WARN_BOOL_CONVERSION = YES;
				CLANG_WARN_COMMA = YES;
				CLANG_WARN_CONSTANT_CONVERSION = YES;
				CLANG_WARN_DEPRECATED_OBJC_IMPLEMENTATIONS = YES;
				CLANG_WARN_DIRECT_OBJC_ISA_USAGE = YES_ERROR;
				CLANG_WARN_DOCUMENTATION_COMMENTS = YES;
				CLANG_WARN_EMPTY_BODY = YES;
				CLANG_WARN_ENUM_CONVERSION = YES;
				CLANG_WARN_INFINITE_RECURSION = YES;
				CLANG_WARN_INT_CONVERSION = YES;
				CLANG_WARN_NON_LITERAL_NULL_CONVERSION = YES;
				CLANG_WARN_OBJC_IMPLICIT_RETAIN_SELF = YES;
				CLANG_WARN_OBJC_LITERAL_CONVERSION = YES;
				CLANG_WARN_OBJC_ROOT_CLASS = YES_ERROR;
				CLANG_WARN_QUOTED_INCLUDE_IN_FRAMEWORK_HEADER = YES;
				CLANG_WARN_RANGE_LOOP_ANALYSIS = YES;
				CLANG_WARN_STRICT_PROTOTYPES = YES;
				CLANG_WARN_SUSPICIOUS_MOVE = YES;
				CLANG_WARN_UNGUARDED_AVAILABILITY = YES_AGGRESSIVE;
				CLANG_WARN_UNREACHABLE_CODE = YES;
				CLANG_WARN__DUPLICATE_METHOD_MATCH = YES;
				COPY_PHASE_STRIP = NO;
				DEBUG_INFORMATION_FORMAT = "dwarf-with-dsym";
				ENABLE_NS_ASSERTIONS = NO;
				ENABLE_STRICT_OBJC_MSGSEND = YES;
				ENABLE_USER_SCRIPT_SANDBOXING = YES;
				GCC_C_LANGUAGE_STANDARD = gnu11;
				GCC_NO_COMMON_BLOCKS = YES;
				GCC_WARN_64_TO_32_BIT_CONVERSION = YES;
				GCC_WARN_ABOUT_RETURN_TYPE = YES_ERROR;
				GCC_WARN_UNDECLARED_SELECTOR = YES;
				GCC_WARN_UNINITIALIZED_AUTOS = YES_AGGRESSIVE;
				GCC_WARN_UNUSED_FUNCTION = YES;
				GCC_WARN_UNUSED_VARIABLE = YES;
				IPHONEOS_DEPLOYMENT_TARGET = 16.4;
				MTL_ENABLE_DEBUG_INFO = NO;
				MTL_FAST_MATH = YES;
				SDKROOT = iphoneos;
				SWIFT_COMPILATION_MODE = wholemodule;
				SWIFT_OPTIMIZATION_LEVEL = "-O";
				VALIDATE_PRODUCT = YES;
			};
			name = Release;
		};
		56E67DCF2AE824EA00248F85 /* Debug */ = {
			isa = XCBuildConfiguration;
			buildSettings = {
				ALWAYS_EMBED_SWIFT_STANDARD_LIBRARIES = YES;
				ASSETCATALOG_COMPILER_APPICON_NAME = AppIcon;
				ASSETCATALOG_COMPILER_GLOBAL_ACCENT_COLOR_NAME = AccentColor;
				CODE_SIGN_STYLE = Automatic;
				CURRENT_PROJECT_VERSION = 1;
				DEVELOPMENT_TEAM = CK7G8B5AC6;
				GENERATE_INFOPLIST_FILE = YES;
				INFOPLIST_FILE = NoteMe/App/Info.plist;
				INFOPLIST_KEY_CFBundleDisplayName = NOTEme;
				INFOPLIST_KEY_LSApplicationCategoryType = "public.app-category.lifestyle";
				INFOPLIST_KEY_UIApplicationSupportsIndirectInputEvents = YES;
				INFOPLIST_KEY_UILaunchStoryboardName = LaunchScreen;
				INFOPLIST_KEY_UIRequiresFullScreen = YES;
				INFOPLIST_KEY_UIStatusBarStyle = UIStatusBarStyleLightContent;
				INFOPLIST_KEY_UISupportedInterfaceOrientations = UIInterfaceOrientationPortrait;
				IPHONEOS_DEPLOYMENT_TARGET = 14.0;
				LD_RUNPATH_SEARCH_PATHS = (
					"$(inherited)",
					"@executable_path/Frameworks",
				);
				MARKETING_VERSION = 1.0;
				PRODUCT_BUNDLE_IDENTIFIER = d.o.kononov.NoteMe;
				PRODUCT_NAME = "$(TARGET_NAME)";
				SWIFT_EMIT_LOC_STRINGS = YES;
				SWIFT_VERSION = 5.0;
				TARGETED_DEVICE_FAMILY = "1,2";
			};
			name = Debug;
		};
		56E67DD02AE824EA00248F85 /* Release */ = {
			isa = XCBuildConfiguration;
			buildSettings = {
				ALWAYS_EMBED_SWIFT_STANDARD_LIBRARIES = YES;
				ASSETCATALOG_COMPILER_APPICON_NAME = AppIcon;
				ASSETCATALOG_COMPILER_GLOBAL_ACCENT_COLOR_NAME = AccentColor;
				CODE_SIGN_STYLE = Automatic;
				CURRENT_PROJECT_VERSION = 1;
				DEVELOPMENT_TEAM = CK7G8B5AC6;
				GENERATE_INFOPLIST_FILE = YES;
				INFOPLIST_FILE = NoteMe/App/Info.plist;
				INFOPLIST_KEY_CFBundleDisplayName = NOTEme;
				INFOPLIST_KEY_LSApplicationCategoryType = "public.app-category.lifestyle";
				INFOPLIST_KEY_UIApplicationSupportsIndirectInputEvents = YES;
				INFOPLIST_KEY_UILaunchStoryboardName = LaunchScreen;
				INFOPLIST_KEY_UIRequiresFullScreen = YES;
				INFOPLIST_KEY_UIStatusBarStyle = UIStatusBarStyleLightContent;
				INFOPLIST_KEY_UISupportedInterfaceOrientations = UIInterfaceOrientationPortrait;
				IPHONEOS_DEPLOYMENT_TARGET = 14.0;
				LD_RUNPATH_SEARCH_PATHS = (
					"$(inherited)",
					"@executable_path/Frameworks",
				);
				MARKETING_VERSION = 1.0;
				PRODUCT_BUNDLE_IDENTIFIER = d.o.kononov.NoteMe;
				PRODUCT_NAME = "$(TARGET_NAME)";
				SWIFT_EMIT_LOC_STRINGS = YES;
				SWIFT_VERSION = 5.0;
				TARGETED_DEVICE_FAMILY = "1,2";
			};
			name = Release;
		};
/* End XCBuildConfiguration section */

/* Begin XCConfigurationList section */
		56BFC9862B695AC400B47FE2 /* Build configuration list for PBXNativeTarget "Storage" */ = {
			isa = XCConfigurationList;
			buildConfigurations = (
				56BFC9872B695AC400B47FE2 /* Debug */,
				56BFC9882B695AC400B47FE2 /* Release */,
			);
			defaultConfigurationIsVisible = 0;
			defaultConfigurationName = Release;
		};
		56E67DB52AE824E900248F85 /* Build configuration list for PBXProject "NoteMe" */ = {
			isa = XCConfigurationList;
			buildConfigurations = (
				56E67DCC2AE824EA00248F85 /* Debug */,
				56E67DCD2AE824EA00248F85 /* Release */,
			);
			defaultConfigurationIsVisible = 0;
			defaultConfigurationName = Release;
		};
		56E67DCE2AE824EA00248F85 /* Build configuration list for PBXNativeTarget "NoteMe" */ = {
			isa = XCConfigurationList;
			buildConfigurations = (
				56E67DCF2AE824EA00248F85 /* Debug */,
				56E67DD02AE824EA00248F85 /* Release */,
			);
			defaultConfigurationIsVisible = 0;
			defaultConfigurationName = Release;
		};
/* End XCConfigurationList section */

/* Begin XCRemoteSwiftPackageReference section */
		566730DB2B1F87F80085D83F /* XCRemoteSwiftPackageReference "firebase-ios-sdk" */ = {
			isa = XCRemoteSwiftPackageReference;
			repositoryURL = "https://github.com/firebase/firebase-ios-sdk";
			requirement = {
				kind = upToNextMajorVersion;
				minimumVersion = 10.0.0;
			};
		};
		56E67DDD2AE83AF400248F85 /* XCRemoteSwiftPackageReference "SnapKit" */ = {
			isa = XCRemoteSwiftPackageReference;
			repositoryURL = "https://github.com/SnapKit/SnapKit.git";
			requirement = {
				kind = upToNextMajorVersion;
				minimumVersion = 5.0.0;
			};
		};
/* End XCRemoteSwiftPackageReference section */

/* Begin XCSwiftPackageProductDependency section */
		566730DC2B1F87F80085D83F /* FirebaseAnalytics */ = {
			isa = XCSwiftPackageProductDependency;
			package = 566730DB2B1F87F80085D83F /* XCRemoteSwiftPackageReference "firebase-ios-sdk" */;
			productName = FirebaseAnalytics;
		};
		566730DE2B1F87F80085D83F /* FirebaseAuth */ = {
			isa = XCSwiftPackageProductDependency;
			package = 566730DB2B1F87F80085D83F /* XCRemoteSwiftPackageReference "firebase-ios-sdk" */;
			productName = FirebaseAuth;
		};
		566730E02B1F87F80085D83F /* FirebaseCrashlytics */ = {
			isa = XCSwiftPackageProductDependency;
			package = 566730DB2B1F87F80085D83F /* XCRemoteSwiftPackageReference "firebase-ios-sdk" */;
			productName = FirebaseCrashlytics;
		};
		56E67DDE2AE83AF400248F85 /* SnapKit */ = {
			isa = XCSwiftPackageProductDependency;
			package = 56E67DDD2AE83AF400248F85 /* XCRemoteSwiftPackageReference "SnapKit" */;
			productName = SnapKit;
		};
/* End XCSwiftPackageProductDependency section */

/* Begin XCVersionGroup section */
		56BFC98D2B695C7F00B47FE2 /* NotificationDataBase.xcdatamodeld */ = {
			isa = XCVersionGroup;
			children = (
				56BFC98E2B695C7F00B47FE2 /* NotificationDataBase.xcdatamodel */,
			);
			currentVersion = 56BFC98E2B695C7F00B47FE2 /* NotificationDataBase.xcdatamodel */;
			path = NotificationDataBase.xcdatamodeld;
			sourceTree = "<group>";
			versionGroupType = wrapper.xcdatamodel;
		};
/* End XCVersionGroup section */
	};
	rootObject = 56E67DB22AE824E900248F85 /* Project object */;
}
